PODS:
  - OpenSSL-Universal (1.0.2.13)

DEPENDENCIES:
  - OpenSSL-Universal (~> 1.0.2.13)

SPEC REPOS:
  https://github.com/cocoapods/specs.git:
    - OpenSSL-Universal

SPEC CHECKSUMS:
  OpenSSL-Universal: 401888162f11c33ebbd46f782d9229da35c61327

PODFILE CHECKSUM: 4fd61f0541a142c18c1b625426b50ebe56ce85ca

COCOAPODS: 1.5.3
