PODS:
  - OpenSSL-Universal (1.0.2.19):
    - OpenSSL-Universal/Static (= 1.0.2.19)
  - OpenSSL-Universal/Static (1.0.2.19)

DEPENDENCIES:
  - OpenSSL-Universal (~> 1.0.2.19)

SPEC REPOS:
  https://github.com/CocoaPods/Specs.git:
    - OpenSSL-Universal

SPEC CHECKSUMS:
  OpenSSL-Universal: 8b48cc0d10c1b2923617dfe5c178aa9ed2689355

PODFILE CHECKSUM: 3445187c09e657979b8cbfb3eb4dc3378e8d8774

COCOAPODS: 1.9.1
