// !$*UTF8*$!
{
	archiveVersion = 1;
	classes = {
	};
	objectVersion = 46;
	objects = {

/* Begin PBXBuildFile section */
		30F444513B60F9F0518B1DB1 /* MIHBigInteger+Factory.m in Sources */ = {isa = PBXBuildFile; fileRef = 30F44643891A3BC409D257E0 /* MIHBigInteger+Factory.m */; };
		30F449352F8A7B842ACC7139 /* MIHBigInteger+Factory.m in Sources */ = {isa = PBXBuildFile; fileRef = 30F44643891A3BC409D257E0 /* MIHBigInteger+Factory.m */; };
		3FAD852894F3429B91E0FE10 /* libPods.a in Frameworks */ = {isa = PBXBuildFile; fileRef = 0675F91913CB4A25B61DA7CC /* libPods.a */; };
		5F20E406191BB20900D313FB /* MIHBigInteger+Internal.m in Sources */ = {isa = PBXBuildFile; fileRef = 5F20E405191BB20900D313FB /* MIHBigInteger+Internal.m */; };
		5F20E40D191BC6FE00D313FB /* MIHBigIntegerTests.m in Sources */ = {isa = PBXBuildFile; fileRef = 5F20E40C191BC6FE00D313FB /* MIHBigIntegerTests.m */; };
		5F20E40E191BC83500D313FB /* MIHBigInteger.m in Sources */ = {isa = PBXBuildFile; fileRef = 5F9201D7191B7B30008FBBB2 /* MIHBigInteger.m */; };
		5F20E40F191BC83800D313FB /* MIHBigInteger+Internal.m in Sources */ = {isa = PBXBuildFile; fileRef = 5F20E405191BB20900D313FB /* MIHBigInteger+Internal.m */; };
		5F34B2C41931F18400456B9F /* MIHBigIntegerRange.m in Sources */ = {isa = PBXBuildFile; fileRef = 5F34B2C31931F18400456B9F /* MIHBigIntegerRange.m */; };
		5F34B2C51931F18400456B9F /* MIHBigIntegerRange.m in Sources */ = {isa = PBXBuildFile; fileRef = 5F34B2C31931F18400456B9F /* MIHBigIntegerRange.m */; };
		5F35130318FC2590002BD9D9 /* Foundation.framework in Frameworks */ = {isa = PBXBuildFile; fileRef = 5F35BD3618F850E400596974 /* Foundation.framework */; };
		5F35130618FC2590002BD9D9 /* main.m in Sources */ = {isa = PBXBuildFile; fileRef = 5F35130518FC2590002BD9D9 /* main.m */; };
		5F35130A18FC2590002BD9D9 /* MIHCryptoOSX.1 in CopyFiles */ = {isa = PBXBuildFile; fileRef = 5F35130918FC2590002BD9D9 /* MIHCryptoOSX.1 */; };
		5F35131318FC259F002BD9D9 /* XCTest.framework in Frameworks */ = {isa = PBXBuildFile; fileRef = 5F35BD5518F850E400596974 /* XCTest.framework */; };
		5F35131918FC259F002BD9D9 /* InfoPlist.strings in Resources */ = {isa = PBXBuildFile; fileRef = 5F35131718FC259F002BD9D9 /* InfoPlist.strings */; };
		5F35132218FC25B9002BD9D9 /* MIHAESKeyFactoryTests.m in Sources */ = {isa = PBXBuildFile; fileRef = 5F35BD8118F8522C00596974 /* MIHAESKeyFactoryTests.m */; };
		5F35132318FC25B9002BD9D9 /* MIHAESKeyTests.m in Sources */ = {isa = PBXBuildFile; fileRef = 5F35BD8218F8522C00596974 /* MIHAESKeyTests.m */; };
		5F35132418FC25B9002BD9D9 /* MIHRSAKeyFactoryTests.m in Sources */ = {isa = PBXBuildFile; fileRef = 5F35BD8518F8522C00596974 /* MIHRSAKeyFactoryTests.m */; };
		5F35132518FC25B9002BD9D9 /* MIHRSAKeyTests.m in Sources */ = {isa = PBXBuildFile; fileRef = 5F35BD8618F8522C00596974 /* MIHRSAKeyTests.m */; };
		5F35132618FC25B9002BD9D9 /* MIHSecureHashAlgorithm256Tests.m in Sources */ = {isa = PBXBuildFile; fileRef = 5F35BD8818F8522C00596974 /* MIHSecureHashAlgorithm256Tests.m */; };
		5F35132718FC25B9002BD9D9 /* MIHConversionTests.m in Sources */ = {isa = PBXBuildFile; fileRef = 5F35BD8A18F8522C00596974 /* MIHConversionTests.m */; };
		5F35132818FC25E5002BD9D9 /* MIHAESKey.m in Sources */ = {isa = PBXBuildFile; fileRef = 5F35BD9318F8523E00596974 /* MIHAESKey.m */; };
		5F35132918FC25E5002BD9D9 /* MIHAESKeyFactory.m in Sources */ = {isa = PBXBuildFile; fileRef = 5F35BD9518F8523E00596974 /* MIHAESKeyFactory.m */; };
		5F35132A18FC25E5002BD9D9 /* MIHErrors.m in Sources */ = {isa = PBXBuildFile; fileRef = 5F35BD9818F8523E00596974 /* MIHErrors.m */; };
		5F35132B18FC25E5002BD9D9 /* MIHKeyPair.m in Sources */ = {isa = PBXBuildFile; fileRef = 5F35BD9C18F8523E00596974 /* MIHKeyPair.m */; };
		5F35132C18FC25E5002BD9D9 /* MIHRSAKeyFactory.m in Sources */ = {isa = PBXBuildFile; fileRef = 5F35BDA218F8523E00596974 /* MIHRSAKeyFactory.m */; };
		5F35132D18FC25E5002BD9D9 /* MIHRSAPrivateKey+Internal.m in Sources */ = {isa = PBXBuildFile; fileRef = 5F35BDA418F8523E00596974 /* MIHRSAPrivateKey+Internal.m */; };
		5F35132E18FC25E5002BD9D9 /* MIHRSAPrivateKey.m in Sources */ = {isa = PBXBuildFile; fileRef = 5F35BDA618F8523E00596974 /* MIHRSAPrivateKey.m */; };
		5F35132F18FC25E5002BD9D9 /* MIHRSAPublicKey+Internal.m in Sources */ = {isa = PBXBuildFile; fileRef = 5F35BDA818F8523E00596974 /* MIHRSAPublicKey+Internal.m */; };
		5F35133018FC25E5002BD9D9 /* MIHRSAPublicKey.m in Sources */ = {isa = PBXBuildFile; fileRef = 5F35BDAA18F8523E00596974 /* MIHRSAPublicKey.m */; };
		5F35133118FC25E5002BD9D9 /* MIHSecureHashAlgorithm256.m in Sources */ = {isa = PBXBuildFile; fileRef = 5F35BDAD18F8523E00596974 /* MIHSecureHashAlgorithm256.m */; };
		5F35133218FC25E5002BD9D9 /* MIHInternal.m in Sources */ = {isa = PBXBuildFile; fileRef = 5F35BDB018F8523E00596974 /* MIHInternal.m */; };
		5F35133318FC25E5002BD9D9 /* NSData+MIHConversion.m in Sources */ = {isa = PBXBuildFile; fileRef = 5F35BDB218F8523E00596974 /* NSData+MIHConversion.m */; };
		5F35133418FC25E5002BD9D9 /* NSString+MIHConversion.m in Sources */ = {isa = PBXBuildFile; fileRef = 5F35BDB418F8523E00596974 /* NSString+MIHConversion.m */; };
		5F5A756618FC2B9100773864 /* MIHAESKey.m in Sources */ = {isa = PBXBuildFile; fileRef = 5F35BD9318F8523E00596974 /* MIHAESKey.m */; };
		5F5A756718FC2B9100773864 /* MIHAESKeyFactory.m in Sources */ = {isa = PBXBuildFile; fileRef = 5F35BD9518F8523E00596974 /* MIHAESKeyFactory.m */; };
		5F5A756818FC2B9100773864 /* MIHErrors.m in Sources */ = {isa = PBXBuildFile; fileRef = 5F35BD9818F8523E00596974 /* MIHErrors.m */; };
		5F5A756918FC2B9100773864 /* MIHKeyPair.m in Sources */ = {isa = PBXBuildFile; fileRef = 5F35BD9C18F8523E00596974 /* MIHKeyPair.m */; };
		5F5A756A18FC2B9100773864 /* MIHRSAKeyFactory.m in Sources */ = {isa = PBXBuildFile; fileRef = 5F35BDA218F8523E00596974 /* MIHRSAKeyFactory.m */; };
		5F5A756B18FC2B9100773864 /* MIHRSAPrivateKey+Internal.m in Sources */ = {isa = PBXBuildFile; fileRef = 5F35BDA418F8523E00596974 /* MIHRSAPrivateKey+Internal.m */; };
		5F5A756C18FC2B9100773864 /* MIHRSAPrivateKey.m in Sources */ = {isa = PBXBuildFile; fileRef = 5F35BDA618F8523E00596974 /* MIHRSAPrivateKey.m */; };
		5F5A756D18FC2B9100773864 /* MIHRSAPublicKey+Internal.m in Sources */ = {isa = PBXBuildFile; fileRef = 5F35BDA818F8523E00596974 /* MIHRSAPublicKey+Internal.m */; };
		5F5A756E18FC2B9100773864 /* MIHRSAPublicKey.m in Sources */ = {isa = PBXBuildFile; fileRef = 5F35BDAA18F8523E00596974 /* MIHRSAPublicKey.m */; };
		5F5A756F18FC2B9100773864 /* MIHSecureHashAlgorithm256.m in Sources */ = {isa = PBXBuildFile; fileRef = 5F35BDAD18F8523E00596974 /* MIHSecureHashAlgorithm256.m */; };
		5F5A757018FC2B9100773864 /* MIHInternal.m in Sources */ = {isa = PBXBuildFile; fileRef = 5F35BDB018F8523E00596974 /* MIHInternal.m */; };
		5F5A757118FC2B9100773864 /* NSData+MIHConversion.m in Sources */ = {isa = PBXBuildFile; fileRef = 5F35BDB218F8523E00596974 /* NSData+MIHConversion.m */; };
		5F5A757218FC2B9100773864 /* NSString+MIHConversion.m in Sources */ = {isa = PBXBuildFile; fileRef = 5F35BDB418F8523E00596974 /* NSString+MIHConversion.m */; };
		5F7005C11900657A003789B7 /* MIHDESKey.m in Sources */ = {isa = PBXBuildFile; fileRef = 5F7005C01900657A003789B7 /* MIHDESKey.m */; };
		5F7005C21900657A003789B7 /* MIHDESKey.m in Sources */ = {isa = PBXBuildFile; fileRef = 5F7005C01900657A003789B7 /* MIHDESKey.m */; };
		5F7005C519006593003789B7 /* MIHDESKeyFactory.m in Sources */ = {isa = PBXBuildFile; fileRef = 5F7005C419006593003789B7 /* MIHDESKeyFactory.m */; };
		5F7005C619006593003789B7 /* MIHDESKeyFactory.m in Sources */ = {isa = PBXBuildFile; fileRef = 5F7005C419006593003789B7 /* MIHDESKeyFactory.m */; };
		5F7005C919006D25003789B7 /* MIHDESKey+Internal.m in Sources */ = {isa = PBXBuildFile; fileRef = 5F7005C819006D25003789B7 /* MIHDESKey+Internal.m */; };
		5F7005CA19006D25003789B7 /* MIHDESKey+Internal.m in Sources */ = {isa = PBXBuildFile; fileRef = 5F7005C819006D25003789B7 /* MIHDESKey+Internal.m */; };
		5F8C2C7819013F54003DD9E6 /* MIHDESKeyTests.m in Sources */ = {isa = PBXBuildFile; fileRef = 5F8C2C7719013F54003DD9E6 /* MIHDESKeyTests.m */; };
		5F8C2C7B19015303003DD9E6 /* MIHCryptoConfiguration.m in Sources */ = {isa = PBXBuildFile; fileRef = 5F8C2C7A19015303003DD9E6 /* MIHCryptoConfiguration.m */; };
		5F8C2C7C19015303003DD9E6 /* MIHCryptoConfiguration.m in Sources */ = {isa = PBXBuildFile; fileRef = 5F8C2C7A19015303003DD9E6 /* MIHCryptoConfiguration.m */; };
		5F8C2C7F19015EF0003DD9E6 /* MIHDESKeyFactoryTests.m in Sources */ = {isa = PBXBuildFile; fileRef = 5F8C2C7E19015EF0003DD9E6 /* MIHDESKeyFactoryTests.m */; };
		5F9201D8191B7B30008FBBB2 /* MIHBigInteger.m in Sources */ = {isa = PBXBuildFile; fileRef = 5F9201D7191B7B30008FBBB2 /* MIHBigInteger.m */; };
		5FDD199C18FD978400620929 /* MIHSecureHashAlgorithm.m in Sources */ = {isa = PBXBuildFile; fileRef = 5FDD199B18FD978400620929 /* MIHSecureHashAlgorithm.m */; };
		5FDD199F18FD981A00620929 /* MIHSecureHashAlgorithmTests.m in Sources */ = {isa = PBXBuildFile; fileRef = 5FDD199E18FD981A00620929 /* MIHSecureHashAlgorithmTests.m */; };
		5FDD19A018FD98F100620929 /* MIHSecureHashAlgorithm.m in Sources */ = {isa = PBXBuildFile; fileRef = 5FDD199B18FD978400620929 /* MIHSecureHashAlgorithm.m */; };
		5FDD19A318FD9A6000620929 /* MIHSecureHashAlgorithm512.m in Sources */ = {isa = PBXBuildFile; fileRef = 5FDD19A218FD9A6000620929 /* MIHSecureHashAlgorithm512.m */; };
		5FDD19A618FD9AFF00620929 /* MIHSecureHashAlgorithm512Tests.m in Sources */ = {isa = PBXBuildFile; fileRef = 5FDD19A518FD9AFF00620929 /* MIHSecureHashAlgorithm512Tests.m */; };
		5FDD19A718FD9BAF00620929 /* MIHSecureHashAlgorithm512.m in Sources */ = {isa = PBXBuildFile; fileRef = 5FDD19A218FD9A6000620929 /* MIHSecureHashAlgorithm512.m */; };
		5FDD19AA18FD9E4F00620929 /* MIHSecureHashAlgorithm384.m in Sources */ = {isa = PBXBuildFile; fileRef = 5FDD19A918FD9E4F00620929 /* MIHSecureHashAlgorithm384.m */; };
		5FDD19AD18FD9F2D00620929 /* MIHSecureHashAlgorithm384.m in Sources */ = {isa = PBXBuildFile; fileRef = 5FDD19AC18FD9F2D00620929 /* MIHSecureHashAlgorithm384.m */; };
		5FDD19AE18FD9F3000620929 /* MIHSecureHashAlgorithm384.m in Sources */ = {isa = PBXBuildFile; fileRef = 5FDD19A918FD9E4F00620929 /* MIHSecureHashAlgorithm384.m */; };
		5FDD19B218FDA0D800620929 /* MIHMessageDigest5.m in Sources */ = {isa = PBXBuildFile; fileRef = 5FDD19B118FDA0D800620929 /* MIHMessageDigest5.m */; };
		5FDD19B318FDA0D800620929 /* MIHMessageDigest5.m in Sources */ = {isa = PBXBuildFile; fileRef = 5FDD19B118FDA0D800620929 /* MIHMessageDigest5.m */; };
		5FDD19B718FDA19A00620929 /* MIHMessageDigest5Tests.m in Sources */ = {isa = PBXBuildFile; fileRef = 5FDD19B618FDA19900620929 /* MIHMessageDigest5Tests.m */; };
		C46F28014D6D496E98C9068F /* libPods.a in Frameworks */ = {isa = PBXBuildFile; fileRef = 0675F91913CB4A25B61DA7CC /* libPods.a */; };
/* End PBXBuildFile section */

/* Begin PBXContainerItemProxy section */
		5F35131D18FC259F002BD9D9 /* PBXContainerItemProxy */ = {
			isa = PBXContainerItemProxy;
			containerPortal = 5F35BD2B18F850E400596974 /* Project object */;
			proxyType = 1;
			remoteGlobalIDString = 5F35130118FC258F002BD9D9;
			remoteInfo = MIHCryptoOSX;
		};
/* End PBXContainerItemProxy section */

/* Begin PBXCopyFilesBuildPhase section */
		5F35130018FC258F002BD9D9 /* CopyFiles */ = {
			isa = PBXCopyFilesBuildPhase;
			buildActionMask = 2147483647;
			dstPath = /usr/share/man/man1/;
			dstSubfolderSpec = 0;
			files = (
				5F35130A18FC2590002BD9D9 /* MIHCryptoOSX.1 in CopyFiles */,
			);
			runOnlyForDeploymentPostprocessing = 1;
		};
/* End PBXCopyFilesBuildPhase section */

/* Begin PBXFileReference section */
		0675F91913CB4A25B61DA7CC /* libPods.a */ = {isa = PBXFileReference; explicitFileType = archive.ar; includeInIndex = 0; path = libPods.a; sourceTree = BUILT_PRODUCTS_DIR; };
		30F44365BA5528C54A136E6B /* MIHBigInteger+Factory.h */ = {isa = PBXFileReference; fileEncoding = 4; lastKnownFileType = sourcecode.c.h; name = "MIHBigInteger+Factory.h"; path = "Mathematics/MIHBigInteger+Factory.h"; sourceTree = "<group>"; };
		30F44643891A3BC409D257E0 /* MIHBigInteger+Factory.m */ = {isa = PBXFileReference; fileEncoding = 4; lastKnownFileType = sourcecode.c.objc; name = "MIHBigInteger+Factory.m"; path = "Mathematics/MIHBigInteger+Factory.m"; sourceTree = "<group>"; };
		4024929363B7338D94B18BA0 /* Pods.release.xcconfig */ = {isa = PBXFileReference; includeInIndex = 1; lastKnownFileType = text.xcconfig; name = Pods.release.xcconfig; path = "Pods/Target Support Files/Pods/Pods.release.xcconfig"; sourceTree = "<group>"; };
		5F20E404191BB20900D313FB /* MIHBigInteger+Internal.h */ = {isa = PBXFileReference; fileEncoding = 4; lastKnownFileType = sourcecode.c.h; name = "MIHBigInteger+Internal.h"; path = "Mathematics/MIHBigInteger+Internal.h"; sourceTree = "<group>"; };
		5F20E405191BB20900D313FB /* MIHBigInteger+Internal.m */ = {isa = PBXFileReference; fileEncoding = 4; lastKnownFileType = sourcecode.c.objc; name = "MIHBigInteger+Internal.m"; path = "Mathematics/MIHBigInteger+Internal.m"; sourceTree = "<group>"; };
		5F20E40C191BC6FE00D313FB /* MIHBigIntegerTests.m */ = {isa = PBXFileReference; fileEncoding = 4; lastKnownFileType = sourcecode.c.objc; name = MIHBigIntegerTests.m; path = Mathematics/MIHBigIntegerTests.m; sourceTree = "<group>"; };
		5F34B2C21931F18400456B9F /* MIHBigIntegerRange.h */ = {isa = PBXFileReference; fileEncoding = 4; lastKnownFileType = sourcecode.c.h; name = MIHBigIntegerRange.h; path = Mathematics/MIHBigIntegerRange.h; sourceTree = "<group>"; };
		5F34B2C31931F18400456B9F /* MIHBigIntegerRange.m */ = {isa = PBXFileReference; fileEncoding = 4; lastKnownFileType = sourcecode.c.objc; name = MIHBigIntegerRange.m; path = Mathematics/MIHBigIntegerRange.m; sourceTree = "<group>"; };
		5F35130218FC258F002BD9D9 /* MIHCrypto */ = {isa = PBXFileReference; explicitFileType = "compiled.mach-o.executable"; includeInIndex = 0; path = MIHCrypto; sourceTree = BUILT_PRODUCTS_DIR; };
		5F35130518FC2590002BD9D9 /* main.m */ = {isa = PBXFileReference; lastKnownFileType = sourcecode.c.objc; name = main.m; path = ../MIHCryptoOSX/main.m; sourceTree = "<group>"; };
		5F35130818FC2590002BD9D9 /* MIHCryptoOSX-Prefix.pch */ = {isa = PBXFileReference; lastKnownFileType = sourcecode.c.h; name = "MIHCryptoOSX-Prefix.pch"; path = "../MIHCryptoOSX/MIHCryptoOSX-Prefix.pch"; sourceTree = "<group>"; };
		5F35130918FC2590002BD9D9 /* MIHCryptoOSX.1 */ = {isa = PBXFileReference; lastKnownFileType = text.man; name = MIHCryptoOSX.1; path = ../MIHCryptoOSX/MIHCryptoOSX.1; sourceTree = "<group>"; };
		5F35131218FC259F002BD9D9 /* MIHCryptoTests.xctest */ = {isa = PBXFileReference; explicitFileType = wrapper.cfbundle; includeInIndex = 0; path = MIHCryptoTests.xctest; sourceTree = BUILT_PRODUCTS_DIR; };
		5F35131618FC259F002BD9D9 /* MIHCryptoOSXTests-Info.plist */ = {isa = PBXFileReference; lastKnownFileType = text.plist.xml; name = "MIHCryptoOSXTests-Info.plist"; path = "../MIHCryptoOSXTests/MIHCryptoOSXTests-Info.plist"; sourceTree = "<group>"; };
		5F35131818FC259F002BD9D9 /* en */ = {isa = PBXFileReference; lastKnownFileType = text.plist.strings; name = en; path = en.lproj/InfoPlist.strings; sourceTree = "<group>"; };
		5F35131C18FC259F002BD9D9 /* MIHCryptoOSXTests-Prefix.pch */ = {isa = PBXFileReference; lastKnownFileType = sourcecode.c.h; name = "MIHCryptoOSXTests-Prefix.pch"; path = "../MIHCryptoOSXTests/MIHCryptoOSXTests-Prefix.pch"; sourceTree = "<group>"; };
		5F35BD3618F850E400596974 /* Foundation.framework */ = {isa = PBXFileReference; lastKnownFileType = wrapper.framework; name = Foundation.framework; path = System/Library/Frameworks/Foundation.framework; sourceTree = SDKROOT; };
		5F35BD3818F850E400596974 /* CoreGraphics.framework */ = {isa = PBXFileReference; lastKnownFileType = wrapper.framework; name = CoreGraphics.framework; path = System/Library/Frameworks/CoreGraphics.framework; sourceTree = SDKROOT; };
		5F35BD3A18F850E400596974 /* UIKit.framework */ = {isa = PBXFileReference; lastKnownFileType = wrapper.framework; name = UIKit.framework; path = System/Library/Frameworks/UIKit.framework; sourceTree = SDKROOT; };
		5F35BD5518F850E400596974 /* XCTest.framework */ = {isa = PBXFileReference; lastKnownFileType = wrapper.framework; name = XCTest.framework; path = Library/Frameworks/XCTest.framework; sourceTree = DEVELOPER_DIR; };
		5F35BD8118F8522C00596974 /* MIHAESKeyFactoryTests.m */ = {isa = PBXFileReference; fileEncoding = 4; lastKnownFileType = sourcecode.c.objc; path = MIHAESKeyFactoryTests.m; sourceTree = "<group>"; };
		5F35BD8218F8522C00596974 /* MIHAESKeyTests.m */ = {isa = PBXFileReference; fileEncoding = 4; lastKnownFileType = sourcecode.c.objc; path = MIHAESKeyTests.m; sourceTree = "<group>"; };
		5F35BD8518F8522C00596974 /* MIHRSAKeyFactoryTests.m */ = {isa = PBXFileReference; fileEncoding = 4; lastKnownFileType = sourcecode.c.objc; path = MIHRSAKeyFactoryTests.m; sourceTree = "<group>"; };
		5F35BD8618F8522C00596974 /* MIHRSAKeyTests.m */ = {isa = PBXFileReference; fileEncoding = 4; lastKnownFileType = sourcecode.c.objc; path = MIHRSAKeyTests.m; sourceTree = "<group>"; };
		5F35BD8818F8522C00596974 /* MIHSecureHashAlgorithm256Tests.m */ = {isa = PBXFileReference; fileEncoding = 4; lastKnownFileType = sourcecode.c.objc; path = MIHSecureHashAlgorithm256Tests.m; sourceTree = "<group>"; };
		5F35BD8A18F8522C00596974 /* MIHConversionTests.m */ = {isa = PBXFileReference; fileEncoding = 4; lastKnownFileType = sourcecode.c.objc; path = MIHConversionTests.m; sourceTree = "<group>"; };
		5F35BD9218F8523E00596974 /* MIHAESKey.h */ = {isa = PBXFileReference; fileEncoding = 4; lastKnownFileType = sourcecode.c.h; path = MIHAESKey.h; sourceTree = "<group>"; };
		5F35BD9318F8523E00596974 /* MIHAESKey.m */ = {isa = PBXFileReference; fileEncoding = 4; lastKnownFileType = sourcecode.c.objc; path = MIHAESKey.m; sourceTree = "<group>"; };
		5F35BD9418F8523E00596974 /* MIHAESKeyFactory.h */ = {isa = PBXFileReference; fileEncoding = 4; lastKnownFileType = sourcecode.c.h; path = MIHAESKeyFactory.h; sourceTree = "<group>"; };
		5F35BD9518F8523E00596974 /* MIHAESKeyFactory.m */ = {isa = PBXFileReference; fileEncoding = 4; lastKnownFileType = sourcecode.c.objc; path = MIHAESKeyFactory.m; sourceTree = "<group>"; };
		5F35BD9718F8523E00596974 /* MIHErrors.h */ = {isa = PBXFileReference; fileEncoding = 4; lastKnownFileType = sourcecode.c.h; path = MIHErrors.h; sourceTree = "<group>"; };
		5F35BD9818F8523E00596974 /* MIHErrors.m */ = {isa = PBXFileReference; fileEncoding = 4; lastKnownFileType = sourcecode.c.objc; path = MIHErrors.m; sourceTree = "<group>"; };
		5F35BD9918F8523E00596974 /* MIHHashAlgorithm.h */ = {isa = PBXFileReference; fileEncoding = 4; lastKnownFileType = sourcecode.c.h; path = MIHHashAlgorithm.h; sourceTree = "<group>"; };
		5F35BD9A18F8523E00596974 /* MIHKeyFactory.h */ = {isa = PBXFileReference; fileEncoding = 4; lastKnownFileType = sourcecode.c.h; path = MIHKeyFactory.h; sourceTree = "<group>"; };
		5F35BD9B18F8523E00596974 /* MIHKeyPair.h */ = {isa = PBXFileReference; fileEncoding = 4; lastKnownFileType = sourcecode.c.h; path = MIHKeyPair.h; sourceTree = "<group>"; };
		5F35BD9C18F8523E00596974 /* MIHKeyPair.m */ = {isa = PBXFileReference; fileEncoding = 4; lastKnownFileType = sourcecode.c.objc; path = MIHKeyPair.m; sourceTree = "<group>"; };
		5F35BD9D18F8523E00596974 /* MIHPrivateKey.h */ = {isa = PBXFileReference; fileEncoding = 4; lastKnownFileType = sourcecode.c.h; path = MIHPrivateKey.h; sourceTree = "<group>"; };
		5F35BD9E18F8523E00596974 /* MIHPublicKey.h */ = {isa = PBXFileReference; fileEncoding = 4; lastKnownFileType = sourcecode.c.h; path = MIHPublicKey.h; sourceTree = "<group>"; };
		5F35BD9F18F8523E00596974 /* MIHSymmetricKey.h */ = {isa = PBXFileReference; fileEncoding = 4; lastKnownFileType = sourcecode.c.h; path = MIHSymmetricKey.h; sourceTree = "<group>"; };
		5F35BDA118F8523E00596974 /* MIHRSAKeyFactory.h */ = {isa = PBXFileReference; fileEncoding = 4; lastKnownFileType = sourcecode.c.h; path = MIHRSAKeyFactory.h; sourceTree = "<group>"; };
		5F35BDA218F8523E00596974 /* MIHRSAKeyFactory.m */ = {isa = PBXFileReference; fileEncoding = 4; lastKnownFileType = sourcecode.c.objc; path = MIHRSAKeyFactory.m; sourceTree = "<group>"; };
		5F35BDA318F8523E00596974 /* MIHRSAPrivateKey+Internal.h */ = {isa = PBXFileReference; fileEncoding = 4; lastKnownFileType = sourcecode.c.h; path = "MIHRSAPrivateKey+Internal.h"; sourceTree = "<group>"; };
		5F35BDA418F8523E00596974 /* MIHRSAPrivateKey+Internal.m */ = {isa = PBXFileReference; fileEncoding = 4; lastKnownFileType = sourcecode.c.objc; path = "MIHRSAPrivateKey+Internal.m"; sourceTree = "<group>"; };
		5F35BDA518F8523E00596974 /* MIHRSAPrivateKey.h */ = {isa = PBXFileReference; fileEncoding = 4; lastKnownFileType = sourcecode.c.h; path = MIHRSAPrivateKey.h; sourceTree = "<group>"; };
		5F35BDA618F8523E00596974 /* MIHRSAPrivateKey.m */ = {isa = PBXFileReference; fileEncoding = 4; lastKnownFileType = sourcecode.c.objc; path = MIHRSAPrivateKey.m; sourceTree = "<group>"; };
		5F35BDA718F8523E00596974 /* MIHRSAPublicKey+Internal.h */ = {isa = PBXFileReference; fileEncoding = 4; lastKnownFileType = sourcecode.c.h; path = "MIHRSAPublicKey+Internal.h"; sourceTree = "<group>"; };
		5F35BDA818F8523E00596974 /* MIHRSAPublicKey+Internal.m */ = {isa = PBXFileReference; fileEncoding = 4; lastKnownFileType = sourcecode.c.objc; path = "MIHRSAPublicKey+Internal.m"; sourceTree = "<group>"; };
		5F35BDA918F8523E00596974 /* MIHRSAPublicKey.h */ = {isa = PBXFileReference; fileEncoding = 4; lastKnownFileType = sourcecode.c.h; path = MIHRSAPublicKey.h; sourceTree = "<group>"; };
		5F35BDAA18F8523E00596974 /* MIHRSAPublicKey.m */ = {isa = PBXFileReference; fileEncoding = 4; lastKnownFileType = sourcecode.c.objc; path = MIHRSAPublicKey.m; sourceTree = "<group>"; };
		5F35BDAC18F8523E00596974 /* MIHSecureHashAlgorithm256.h */ = {isa = PBXFileReference; fileEncoding = 4; lastKnownFileType = sourcecode.c.h; path = MIHSecureHashAlgorithm256.h; sourceTree = "<group>"; };
		5F35BDAD18F8523E00596974 /* MIHSecureHashAlgorithm256.m */ = {isa = PBXFileReference; fileEncoding = 4; lastKnownFileType = sourcecode.c.objc; path = MIHSecureHashAlgorithm256.m; sourceTree = "<group>"; };
		5F35BDAF18F8523E00596974 /* MIHInternal.h */ = {isa = PBXFileReference; fileEncoding = 4; lastKnownFileType = sourcecode.c.h; path = MIHInternal.h; sourceTree = "<group>"; };
		5F35BDB018F8523E00596974 /* MIHInternal.m */ = {isa = PBXFileReference; fileEncoding = 4; lastKnownFileType = sourcecode.c.objc; path = MIHInternal.m; sourceTree = "<group>"; };
		5F35BDB118F8523E00596974 /* NSData+MIHConversion.h */ = {isa = PBXFileReference; fileEncoding = 4; lastKnownFileType = sourcecode.c.h; path = "NSData+MIHConversion.h"; sourceTree = "<group>"; };
		5F35BDB218F8523E00596974 /* NSData+MIHConversion.m */ = {isa = PBXFileReference; fileEncoding = 4; lastKnownFileType = sourcecode.c.objc; path = "NSData+MIHConversion.m"; sourceTree = "<group>"; };
		5F35BDB318F8523E00596974 /* NSString+MIHConversion.h */ = {isa = PBXFileReference; fileEncoding = 4; lastKnownFileType = sourcecode.c.h; path = "NSString+MIHConversion.h"; sourceTree = "<group>"; };
		5F35BDB418F8523E00596974 /* NSString+MIHConversion.m */ = {isa = PBXFileReference; fileEncoding = 4; lastKnownFileType = sourcecode.c.objc; path = "NSString+MIHConversion.m"; sourceTree = "<group>"; };
		5F7005BF1900657A003789B7 /* MIHDESKey.h */ = {isa = PBXFileReference; fileEncoding = 4; lastKnownFileType = sourcecode.c.h; path = MIHDESKey.h; sourceTree = "<group>"; };
		5F7005C01900657A003789B7 /* MIHDESKey.m */ = {isa = PBXFileReference; fileEncoding = 4; lastKnownFileType = sourcecode.c.objc; path = MIHDESKey.m; sourceTree = "<group>"; };
		5F7005C319006593003789B7 /* MIHDESKeyFactory.h */ = {isa = PBXFileReference; fileEncoding = 4; lastKnownFileType = sourcecode.c.h; path = MIHDESKeyFactory.h; sourceTree = "<group>"; };
		5F7005C419006593003789B7 /* MIHDESKeyFactory.m */ = {isa = PBXFileReference; fileEncoding = 4; lastKnownFileType = sourcecode.c.objc; path = MIHDESKeyFactory.m; sourceTree = "<group>"; };
		5F7005C719006D25003789B7 /* MIHDESKey+Internal.h */ = {isa = PBXFileReference; fileEncoding = 4; lastKnownFileType = sourcecode.c.h; path = "MIHDESKey+Internal.h"; sourceTree = "<group>"; };
		5F7005C819006D25003789B7 /* MIHDESKey+Internal.m */ = {isa = PBXFileReference; fileEncoding = 4; lastKnownFileType = sourcecode.c.objc; path = "MIHDESKey+Internal.m"; sourceTree = "<group>"; };
		5F8C2C7719013F54003DD9E6 /* MIHDESKeyTests.m */ = {isa = PBXFileReference; fileEncoding = 4; lastKnownFileType = sourcecode.c.objc; path = MIHDESKeyTests.m; sourceTree = "<group>"; };
		5F8C2C7919015303003DD9E6 /* MIHCryptoConfiguration.h */ = {isa = PBXFileReference; fileEncoding = 4; lastKnownFileType = sourcecode.c.h; path = MIHCryptoConfiguration.h; sourceTree = "<group>"; };
		5F8C2C7A19015303003DD9E6 /* MIHCryptoConfiguration.m */ = {isa = PBXFileReference; fileEncoding = 4; lastKnownFileType = sourcecode.c.objc; path = MIHCryptoConfiguration.m; sourceTree = "<group>"; };
		5F8C2C7E19015EF0003DD9E6 /* MIHDESKeyFactoryTests.m */ = {isa = PBXFileReference; fileEncoding = 4; lastKnownFileType = sourcecode.c.objc; path = MIHDESKeyFactoryTests.m; sourceTree = "<group>"; };
		5F9201D4191B7802008FBBB2 /* MIHNumber.h */ = {isa = PBXFileReference; lastKnownFileType = sourcecode.c.h; path = MIHNumber.h; sourceTree = "<group>"; };
		5F9201D6191B7B30008FBBB2 /* MIHBigInteger.h */ = {isa = PBXFileReference; fileEncoding = 4; lastKnownFileType = sourcecode.c.h; name = MIHBigInteger.h; path = Mathematics/MIHBigInteger.h; sourceTree = "<group>"; };
		5F9201D7191B7B30008FBBB2 /* MIHBigInteger.m */ = {isa = PBXFileReference; fileEncoding = 4; lastKnownFileType = sourcecode.c.objc; name = MIHBigInteger.m; path = Mathematics/MIHBigInteger.m; sourceTree = "<group>"; };
		5FDD199A18FD978400620929 /* MIHSecureHashAlgorithm.h */ = {isa = PBXFileReference; fileEncoding = 4; lastKnownFileType = sourcecode.c.h; path = MIHSecureHashAlgorithm.h; sourceTree = "<group>"; };
		5FDD199B18FD978400620929 /* MIHSecureHashAlgorithm.m */ = {isa = PBXFileReference; fileEncoding = 4; lastKnownFileType = sourcecode.c.objc; path = MIHSecureHashAlgorithm.m; sourceTree = "<group>"; };
		5FDD199E18FD981A00620929 /* MIHSecureHashAlgorithmTests.m */ = {isa = PBXFileReference; fileEncoding = 4; lastKnownFileType = sourcecode.c.objc; path = MIHSecureHashAlgorithmTests.m; sourceTree = "<group>"; };
		5FDD19A118FD9A6000620929 /* MIHSecureHashAlgorithm512.h */ = {isa = PBXFileReference; fileEncoding = 4; lastKnownFileType = sourcecode.c.h; path = MIHSecureHashAlgorithm512.h; sourceTree = "<group>"; };
		5FDD19A218FD9A6000620929 /* MIHSecureHashAlgorithm512.m */ = {isa = PBXFileReference; fileEncoding = 4; lastKnownFileType = sourcecode.c.objc; path = MIHSecureHashAlgorithm512.m; sourceTree = "<group>"; };
		5FDD19A518FD9AFF00620929 /* MIHSecureHashAlgorithm512Tests.m */ = {isa = PBXFileReference; fileEncoding = 4; lastKnownFileType = sourcecode.c.objc; path = MIHSecureHashAlgorithm512Tests.m; sourceTree = "<group>"; };
		5FDD19A818FD9E4F00620929 /* MIHSecureHashAlgorithm384.h */ = {isa = PBXFileReference; fileEncoding = 4; lastKnownFileType = sourcecode.c.h; path = MIHSecureHashAlgorithm384.h; sourceTree = "<group>"; };
		5FDD19A918FD9E4F00620929 /* MIHSecureHashAlgorithm384.m */ = {isa = PBXFileReference; fileEncoding = 4; lastKnownFileType = sourcecode.c.objc; path = MIHSecureHashAlgorithm384.m; sourceTree = "<group>"; };
		5FDD19AC18FD9F2D00620929 /* MIHSecureHashAlgorithm384.m */ = {isa = PBXFileReference; fileEncoding = 4; lastKnownFileType = sourcecode.c.objc; path = MIHSecureHashAlgorithm384.m; sourceTree = "<group>"; };
		5FDD19B018FDA0D800620929 /* MIHMessageDigest5.h */ = {isa = PBXFileReference; fileEncoding = 4; lastKnownFileType = sourcecode.c.h; name = MIHMessageDigest5.h; path = MD5/MIHMessageDigest5.h; sourceTree = "<group>"; };
		5FDD19B118FDA0D800620929 /* MIHMessageDigest5.m */ = {isa = PBXFileReference; fileEncoding = 4; lastKnownFileType = sourcecode.c.objc; name = MIHMessageDigest5.m; path = MD5/MIHMessageDigest5.m; sourceTree = "<group>"; };
		5FDD19B618FDA19900620929 /* MIHMessageDigest5Tests.m */ = {isa = PBXFileReference; fileEncoding = 4; lastKnownFileType = sourcecode.c.objc; name = MIHMessageDigest5Tests.m; path = MD5/MIHMessageDigest5Tests.m; sourceTree = "<group>"; };
		5FF8106F18FFA4DE00408780 /* MIHCoding.h */ = {isa = PBXFileReference; lastKnownFileType = sourcecode.c.h; path = MIHCoding.h; sourceTree = "<group>"; };
		E1C1AAF97812F44EE1DF89ED /* Pods.debug.xcconfig */ = {isa = PBXFileReference; includeInIndex = 1; lastKnownFileType = text.xcconfig; name = Pods.debug.xcconfig; path = "Pods/Target Support Files/Pods/Pods.debug.xcconfig"; sourceTree = "<group>"; };
/* End PBXFileReference section */

/* Begin PBXFrameworksBuildPhase section */
		5F3512FF18FC258F002BD9D9 /* Frameworks */ = {
			isa = PBXFrameworksBuildPhase;
			buildActionMask = 2147483647;
			files = (
				5F35130318FC2590002BD9D9 /* Foundation.framework in Frameworks */,
				3FAD852894F3429B91E0FE10 /* libPods.a in Frameworks */,
			);
			runOnlyForDeploymentPostprocessing = 0;
		};
		5F35130F18FC259F002BD9D9 /* Frameworks */ = {
			isa = PBXFrameworksBuildPhase;
			buildActionMask = 2147483647;
			files = (
				5F35131318FC259F002BD9D9 /* XCTest.framework in Frameworks */,
				C46F28014D6D496E98C9068F /* libPods.a in Frameworks */,
			);
			runOnlyForDeploymentPostprocessing = 0;
		};
/* End PBXFrameworksBuildPhase section */

/* Begin PBXGroup section */
		5F20E407191BC6D100D313FB /* Mathematics */ = {
			isa = PBXGroup;
			children = (
				5F20E40C191BC6FE00D313FB /* MIHBigIntegerTests.m */,
			);
			name = Mathematics;
			sourceTree = "<group>";
		};
		5F35131518FC259F002BD9D9 /* Supporting Files */ = {
			isa = PBXGroup;
			children = (
				5F35130518FC2590002BD9D9 /* main.m */,
				5F35130918FC2590002BD9D9 /* MIHCryptoOSX.1 */,
				5F35130818FC2590002BD9D9 /* MIHCryptoOSX-Prefix.pch */,
			);
			name = "Supporting Files";
			path = MIHCryptoOSXTests;
			sourceTree = SOURCE_ROOT;
		};
		5F35BD2A18F850E400596974 = {
			isa = PBXGroup;
			children = (
				5F35BD3C18F850E400596974 /* MIHCrypto */,
				5F35BD5B18F850E400596974 /* MIHCryptoTests */,
				5F35BD3518F850E400596974 /* Frameworks */,
				5F35BD3418F850E400596974 /* Products */,
				EC94A02F43C7A81ACC82EF40 /* Pods */,
			);
			sourceTree = "<group>";
		};
		5F35BD3418F850E400596974 /* Products */ = {
			isa = PBXGroup;
			children = (
				5F35130218FC258F002BD9D9 /* MIHCrypto */,
				5F35131218FC259F002BD9D9 /* MIHCryptoTests.xctest */,
			);
			name = Products;
			sourceTree = "<group>";
		};
		5F35BD3518F850E400596974 /* Frameworks */ = {
			isa = PBXGroup;
			children = (
				5F35BD3618F850E400596974 /* Foundation.framework */,
				5F35BD3818F850E400596974 /* CoreGraphics.framework */,
				5F35BD3A18F850E400596974 /* UIKit.framework */,
				5F35BD5518F850E400596974 /* XCTest.framework */,
				0675F91913CB4A25B61DA7CC /* libPods.a */,
			);
			name = Frameworks;
			sourceTree = "<group>";
		};
		5F35BD3C18F850E400596974 /* MIHCrypto */ = {
			isa = PBXGroup;
			children = (
				5F35BD9118F8523E00596974 /* AES */,
				5F35BD9618F8523E00596974 /* Core */,
				5F7005BE1900657A003789B7 /* DES */,
				5F9201D5191B7B1E008FBBB2 /* Mathematics */,
				5FDD19AF18FDA09000620929 /* MD5 */,
				5F35BDA018F8523E00596974 /* RSA */,
				5F35BDAB18F8523E00596974 /* SHA */,
				5F35BDAE18F8523E00596974 /* Utils */,
				5F35131518FC259F002BD9D9 /* Supporting Files */,
			);
			path = MIHCrypto;
			sourceTree = "<group>";
		};
		5F35BD5B18F850E400596974 /* MIHCryptoTests */ = {
			isa = PBXGroup;
			children = (
				5F35BD8018F8522C00596974 /* AES */,
				5F35BD8318F8522C00596974 /* Core */,
				5F8C2C7519013F3C003DD9E6 /* DES */,
				5F20E407191BC6D100D313FB /* Mathematics */,
				5FDD19B418FDA17C00620929 /* MD5 */,
				5F35BD8418F8522C00596974 /* RSA */,
				5F35BD8718F8522C00596974 /* SHA */,
				5F35BD8918F8522C00596974 /* Utils */,
				5F35BD5C18F850E400596974 /* Supporting Files */,
			);
			path = MIHCryptoTests;
			sourceTree = "<group>";
		};
		5F35BD5C18F850E400596974 /* Supporting Files */ = {
			isa = PBXGroup;
			children = (
				5F35131618FC259F002BD9D9 /* MIHCryptoOSXTests-Info.plist */,
				5F35131718FC259F002BD9D9 /* InfoPlist.strings */,
				5F35131C18FC259F002BD9D9 /* MIHCryptoOSXTests-Prefix.pch */,
			);
			name = "Supporting Files";
			sourceTree = "<group>";
		};
		5F35BD8018F8522C00596974 /* AES */ = {
			isa = PBXGroup;
			children = (
				5F35BD8118F8522C00596974 /* MIHAESKeyFactoryTests.m */,
				5F35BD8218F8522C00596974 /* MIHAESKeyTests.m */,
			);
			path = AES;
			sourceTree = "<group>";
		};
		5F35BD8318F8522C00596974 /* Core */ = {
			isa = PBXGroup;
			children = (
			);
			path = Core;
			sourceTree = "<group>";
		};
		5F35BD8418F8522C00596974 /* RSA */ = {
			isa = PBXGroup;
			children = (
				5F35BD8518F8522C00596974 /* MIHRSAKeyFactoryTests.m */,
				5F35BD8618F8522C00596974 /* MIHRSAKeyTests.m */,
			);
			path = RSA;
			sourceTree = "<group>";
		};
		5F35BD8718F8522C00596974 /* SHA */ = {
			isa = PBXGroup;
			children = (
				5FDD19A518FD9AFF00620929 /* MIHSecureHashAlgorithm512Tests.m */,
				5FDD19AC18FD9F2D00620929 /* MIHSecureHashAlgorithm384.m */,
				5F35BD8818F8522C00596974 /* MIHSecureHashAlgorithm256Tests.m */,
				5FDD199E18FD981A00620929 /* MIHSecureHashAlgorithmTests.m */,
			);
			path = SHA;
			sourceTree = "<group>";
		};
		5F35BD8918F8522C00596974 /* Utils */ = {
			isa = PBXGroup;
			children = (
				5F35BD8A18F8522C00596974 /* MIHConversionTests.m */,
			);
			path = Utils;
			sourceTree = "<group>";
		};
		5F35BD9118F8523E00596974 /* AES */ = {
			isa = PBXGroup;
			children = (
				5F35BD9218F8523E00596974 /* MIHAESKey.h */,
				5F35BD9318F8523E00596974 /* MIHAESKey.m */,
				5F35BD9418F8523E00596974 /* MIHAESKeyFactory.h */,
				5F35BD9518F8523E00596974 /* MIHAESKeyFactory.m */,
			);
			path = AES;
			sourceTree = "<group>";
		};
		5F35BD9618F8523E00596974 /* Core */ = {
			isa = PBXGroup;
			children = (
				5FF8106F18FFA4DE00408780 /* MIHCoding.h */,
				5F35BD9718F8523E00596974 /* MIHErrors.h */,
				5F35BD9818F8523E00596974 /* MIHErrors.m */,
				5F35BD9918F8523E00596974 /* MIHHashAlgorithm.h */,
				5F35BD9A18F8523E00596974 /* MIHKeyFactory.h */,
				5F35BD9B18F8523E00596974 /* MIHKeyPair.h */,
				5F35BD9C18F8523E00596974 /* MIHKeyPair.m */,
				5F9201D4191B7802008FBBB2 /* MIHNumber.h */,
				5F35BD9D18F8523E00596974 /* MIHPrivateKey.h */,
				5F35BD9E18F8523E00596974 /* MIHPublicKey.h */,
				5F35BD9F18F8523E00596974 /* MIHSymmetricKey.h */,
			);
			path = Core;
			sourceTree = "<group>";
		};
		5F35BDA018F8523E00596974 /* RSA */ = {
			isa = PBXGroup;
			children = (
				5F35BDA118F8523E00596974 /* MIHRSAKeyFactory.h */,
				5F35BDA218F8523E00596974 /* MIHRSAKeyFactory.m */,
				5F35BDA318F8523E00596974 /* MIHRSAPrivateKey+Internal.h */,
				5F35BDA418F8523E00596974 /* MIHRSAPrivateKey+Internal.m */,
				5F35BDA518F8523E00596974 /* MIHRSAPrivateKey.h */,
				5F35BDA618F8523E00596974 /* MIHRSAPrivateKey.m */,
				5F35BDA718F8523E00596974 /* MIHRSAPublicKey+Internal.h */,
				5F35BDA818F8523E00596974 /* MIHRSAPublicKey+Internal.m */,
				5F35BDA918F8523E00596974 /* MIHRSAPublicKey.h */,
				5F35BDAA18F8523E00596974 /* MIHRSAPublicKey.m */,
			);
			path = RSA;
			sourceTree = "<group>";
		};
		5F35BDAB18F8523E00596974 /* SHA */ = {
			isa = PBXGroup;
			children = (
				5FDD19A118FD9A6000620929 /* MIHSecureHashAlgorithm512.h */,
				5FDD19A218FD9A6000620929 /* MIHSecureHashAlgorithm512.m */,
				5FDD19A818FD9E4F00620929 /* MIHSecureHashAlgorithm384.h */,
				5FDD19A918FD9E4F00620929 /* MIHSecureHashAlgorithm384.m */,
				5F35BDAC18F8523E00596974 /* MIHSecureHashAlgorithm256.h */,
				5F35BDAD18F8523E00596974 /* MIHSecureHashAlgorithm256.m */,
				5FDD199A18FD978400620929 /* MIHSecureHashAlgorithm.h */,
				5FDD199B18FD978400620929 /* MIHSecureHashAlgorithm.m */,
			);
			path = SHA;
			sourceTree = "<group>";
		};
		5F35BDAE18F8523E00596974 /* Utils */ = {
			isa = PBXGroup;
			children = (
				5F8C2C7919015303003DD9E6 /* MIHCryptoConfiguration.h */,
				5F8C2C7A19015303003DD9E6 /* MIHCryptoConfiguration.m */,
				5F35BDAF18F8523E00596974 /* MIHInternal.h */,
				5F35BDB018F8523E00596974 /* MIHInternal.m */,
				5F35BDB118F8523E00596974 /* NSData+MIHConversion.h */,
				5F35BDB218F8523E00596974 /* NSData+MIHConversion.m */,
				5F35BDB318F8523E00596974 /* NSString+MIHConversion.h */,
				5F35BDB418F8523E00596974 /* NSString+MIHConversion.m */,
			);
			path = Utils;
			sourceTree = "<group>";
		};
		5F7005BE1900657A003789B7 /* DES */ = {
			isa = PBXGroup;
			children = (
				5F7005BF1900657A003789B7 /* MIHDESKey.h */,
				5F7005C01900657A003789B7 /* MIHDESKey.m */,
				5F7005C719006D25003789B7 /* MIHDESKey+Internal.h */,
				5F7005C819006D25003789B7 /* MIHDESKey+Internal.m */,
				5F7005C319006593003789B7 /* MIHDESKeyFactory.h */,
				5F7005C419006593003789B7 /* MIHDESKeyFactory.m */,
			);
			path = DES;
			sourceTree = "<group>";
		};
		5F8C2C7519013F3C003DD9E6 /* DES */ = {
			isa = PBXGroup;
			children = (
				5F8C2C7719013F54003DD9E6 /* MIHDESKeyTests.m */,
				5F8C2C7E19015EF0003DD9E6 /* MIHDESKeyFactoryTests.m */,
			);
			path = DES;
			sourceTree = "<group>";
		};
		5F9201D5191B7B1E008FBBB2 /* Mathematics */ = {
			isa = PBXGroup;
			children = (
				5F9201D6191B7B30008FBBB2 /* MIHBigInteger.h */,
				5F9201D7191B7B30008FBBB2 /* MIHBigInteger.m */,
				5F20E404191BB20900D313FB /* MIHBigInteger+Internal.h */,
				5F20E405191BB20900D313FB /* MIHBigInteger+Internal.m */,
				5F34B2C21931F18400456B9F /* MIHBigIntegerRange.h */,
				5F34B2C31931F18400456B9F /* MIHBigIntegerRange.m */,
				30F44365BA5528C54A136E6B /* MIHBigInteger+Factory.h */,
				30F44643891A3BC409D257E0 /* MIHBigInteger+Factory.m */,
			);
			name = Mathematics;
			sourceTree = "<group>";
		};
		5FDD19AF18FDA09000620929 /* MD5 */ = {
			isa = PBXGroup;
			children = (
				5FDD19B018FDA0D800620929 /* MIHMessageDigest5.h */,
				5FDD19B118FDA0D800620929 /* MIHMessageDigest5.m */,
			);
			name = MD5;
			sourceTree = "<group>";
		};
		5FDD19B418FDA17C00620929 /* MD5 */ = {
			isa = PBXGroup;
			children = (
				5FDD19B618FDA19900620929 /* MIHMessageDigest5Tests.m */,
			);
			name = MD5;
			sourceTree = "<group>";
		};
		EC94A02F43C7A81ACC82EF40 /* Pods */ = {
			isa = PBXGroup;
			children = (
				E1C1AAF97812F44EE1DF89ED /* Pods.debug.xcconfig */,
				4024929363B7338D94B18BA0 /* Pods.release.xcconfig */,
			);
			name = Pods;
			sourceTree = "<group>";
		};
/* End PBXGroup section */

/* Begin PBXNativeTarget section */
		5F35130118FC258F002BD9D9 /* MIHCrypto */ = {
			isa = PBXNativeTarget;
			buildConfigurationList = 5F35130B18FC2590002BD9D9 /* Build configuration list for PBXNativeTarget "MIHCrypto" */;
			buildPhases = (
				7BA6BA6D9D86494BA5656BA7 /* Check Pods Manifest.lock */,
				5F3512FE18FC258F002BD9D9 /* Sources */,
				5F3512FF18FC258F002BD9D9 /* Frameworks */,
				5F35130018FC258F002BD9D9 /* CopyFiles */,
				478D50553BB34AB096C147CD /* Copy Pods Resources */,
			);
			buildRules = (
			);
			dependencies = (
			);
			name = MIHCrypto;
			productName = MIHCryptoOSX;
			productReference = 5F35130218FC258F002BD9D9 /* MIHCrypto */;
			productType = "com.apple.product-type.tool";
		};
		5F35131118FC259F002BD9D9 /* MIHCryptoTests */ = {
			isa = PBXNativeTarget;
			buildConfigurationList = 5F35131F18FC259F002BD9D9 /* Build configuration list for PBXNativeTarget "MIHCryptoTests" */;
			buildPhases = (
				AA033869E6C8443B9AA91F5A /* Check Pods Manifest.lock */,
				5F35130E18FC259F002BD9D9 /* Sources */,
				5F35130F18FC259F002BD9D9 /* Frameworks */,
				5F35131018FC259F002BD9D9 /* Resources */,
				C415DB6DBD93456CB4F6D1C6 /* Copy Pods Resources */,
				AC9B24279B3A78C7F1352FEC /* Embed Pods Frameworks */,
			);
			buildRules = (
			);
			dependencies = (
				5F35131E18FC259F002BD9D9 /* PBXTargetDependency */,
			);
			name = MIHCryptoTests;
			productName = MIHCryptoOSXTests;
			productReference = 5F35131218FC259F002BD9D9 /* MIHCryptoTests.xctest */;
			productType = "com.apple.product-type.bundle.unit-test";
		};
/* End PBXNativeTarget section */

/* Begin PBXProject section */
		5F35BD2B18F850E400596974 /* Project object */ = {
			isa = PBXProject;
			attributes = {
				CLASSPREFIX = MIH;
				LastUpgradeCheck = 0720;
				ORGANIZATIONNAME = "Michael Hohl";
				TargetAttributes = {
					5F35131118FC259F002BD9D9 = {
						TestTargetID = 5F35130118FC258F002BD9D9;
					};
				};
			};
			buildConfigurationList = 5F35BD2E18F850E400596974 /* Build configuration list for PBXProject "MIHCrypto" */;
			compatibilityVersion = "Xcode 3.2";
			developmentRegion = English;
			hasScannedForEncodings = 0;
			knownRegions = (
				en,
				Base,
			);
			mainGroup = 5F35BD2A18F850E400596974;
			productRefGroup = 5F35BD3418F850E400596974 /* Products */;
			projectDirPath = "";
			projectRoot = "";
			targets = (
				5F35130118FC258F002BD9D9 /* MIHCrypto */,
				5F35131118FC259F002BD9D9 /* MIHCryptoTests */,
			);
		};
/* End PBXProject section */

/* Begin PBXResourcesBuildPhase section */
		5F35131018FC259F002BD9D9 /* Resources */ = {
			isa = PBXResourcesBuildPhase;
			buildActionMask = 2147483647;
			files = (
				5F35131918FC259F002BD9D9 /* InfoPlist.strings in Resources */,
			);
			runOnlyForDeploymentPostprocessing = 0;
		};
/* End PBXResourcesBuildPhase section */

/* Begin PBXShellScriptBuildPhase section */
		478D50553BB34AB096C147CD /* Copy Pods Resources */ = {
			isa = PBXShellScriptBuildPhase;
			buildActionMask = 2147483647;
			files = (
			);
			inputPaths = (
			);
			name = "Copy Pods Resources";
			outputPaths = (
			);
			runOnlyForDeploymentPostprocessing = 0;
			shellPath = /bin/sh;
			shellScript = "\"${SRCROOT}/Pods/Target Support Files/Pods/Pods-resources.sh\"\n";
			showEnvVarsInLog = 0;
		};
		7BA6BA6D9D86494BA5656BA7 /* Check Pods Manifest.lock */ = {
			isa = PBXShellScriptBuildPhase;
			buildActionMask = 2147483647;
			files = (
			);
			inputPaths = (
			);
			name = "Check Pods Manifest.lock";
			outputPaths = (
			);
			runOnlyForDeploymentPostprocessing = 0;
			shellPath = /bin/sh;
			shellScript = "diff \"${PODS_ROOT}/../Podfile.lock\" \"${PODS_ROOT}/Manifest.lock\" > /dev/null\nif [[ $? != 0 ]] ; then\n    cat << EOM\nerror: The sandbox is not in sync with the Podfile.lock. Run 'pod install' or update your CocoaPods installation.\nEOM\n    exit 1\nfi\n";
			showEnvVarsInLog = 0;
		};
		AA033869E6C8443B9AA91F5A /* Check Pods Manifest.lock */ = {
			isa = PBXShellScriptBuildPhase;
			buildActionMask = 2147483647;
			files = (
			);
			inputPaths = (
			);
			name = "Check Pods Manifest.lock";
			outputPaths = (
			);
			runOnlyForDeploymentPostprocessing = 0;
			shellPath = /bin/sh;
			shellScript = "diff \"${PODS_ROOT}/../Podfile.lock\" \"${PODS_ROOT}/Manifest.lock\" > /dev/null\nif [[ $? != 0 ]] ; then\n    cat << EOM\nerror: The sandbox is not in sync with the Podfile.lock. Run 'pod install' or update your CocoaPods installation.\nEOM\n    exit 1\nfi\n";
			showEnvVarsInLog = 0;
		};
		AC9B24279B3A78C7F1352FEC /* Embed Pods Frameworks */ = {
			isa = PBXShellScriptBuildPhase;
			buildActionMask = 2147483647;
			files = (
			);
			inputPaths = (
			);
			name = "Embed Pods Frameworks";
			outputPaths = (
			);
			runOnlyForDeploymentPostprocessing = 0;
			shellPath = /bin/sh;
			shellScript = "\"${SRCROOT}/Pods/Target Support Files/Pods/Pods-frameworks.sh\"\n";
			showEnvVarsInLog = 0;
		};
		C415DB6DBD93456CB4F6D1C6 /* Copy Pods Resources */ = {
			isa = PBXShellScriptBuildPhase;
			buildActionMask = 2147483647;
			files = (
			);
			inputPaths = (
			);
			name = "Copy Pods Resources";
			outputPaths = (
			);
			runOnlyForDeploymentPostprocessing = 0;
			shellPath = /bin/sh;
			shellScript = "\"${SRCROOT}/Pods/Target Support Files/Pods/Pods-resources.sh\"\n";
			showEnvVarsInLog = 0;
		};
/* End PBXShellScriptBuildPhase section */

/* Begin PBXSourcesBuildPhase section */
		5F3512FE18FC258F002BD9D9 /* Sources */ = {
			isa = PBXSourcesBuildPhase;
			buildActionMask = 2147483647;
			files = (
				5F35132818FC25E5002BD9D9 /* MIHAESKey.m in Sources */,
				5F35132918FC25E5002BD9D9 /* MIHAESKeyFactory.m in Sources */,
				5F35132A18FC25E5002BD9D9 /* MIHErrors.m in Sources */,
				5F35132B18FC25E5002BD9D9 /* MIHKeyPair.m in Sources */,
				5F7005C11900657A003789B7 /* MIHDESKey.m in Sources */,
				5F8C2C7B19015303003DD9E6 /* MIHCryptoConfiguration.m in Sources */,
				5FDD19AA18FD9E4F00620929 /* MIHSecureHashAlgorithm384.m in Sources */,
				5F35132C18FC25E5002BD9D9 /* MIHRSAKeyFactory.m in Sources */,
				5F35132D18FC25E5002BD9D9 /* MIHRSAPrivateKey+Internal.m in Sources */,
				5F20E406191BB20900D313FB /* MIHBigInteger+Internal.m in Sources */,
				5F9201D8191B7B30008FBBB2 /* MIHBigInteger.m in Sources */,
				5F35132E18FC25E5002BD9D9 /* MIHRSAPrivateKey.m in Sources */,
				5FDD19B218FDA0D800620929 /* MIHMessageDigest5.m in Sources */,
				5F35132F18FC25E5002BD9D9 /* MIHRSAPublicKey+Internal.m in Sources */,
				5F35133018FC25E5002BD9D9 /* MIHRSAPublicKey.m in Sources */,
				5F35133118FC25E5002BD9D9 /* MIHSecureHashAlgorithm256.m in Sources */,
				5F35133218FC25E5002BD9D9 /* MIHInternal.m in Sources */,
				5F35133318FC25E5002BD9D9 /* NSData+MIHConversion.m in Sources */,
				5F35133418FC25E5002BD9D9 /* NSString+MIHConversion.m in Sources */,
				5F7005C519006593003789B7 /* MIHDESKeyFactory.m in Sources */,
				5FDD199C18FD978400620929 /* MIHSecureHashAlgorithm.m in Sources */,
				5F7005C919006D25003789B7 /* MIHDESKey+Internal.m in Sources */,
				5F34B2C41931F18400456B9F /* MIHBigIntegerRange.m in Sources */,
				5FDD19A318FD9A6000620929 /* MIHSecureHashAlgorithm512.m in Sources */,
				5F35130618FC2590002BD9D9 /* main.m in Sources */,
				30F444513B60F9F0518B1DB1 /* MIHBigInteger+Factory.m in Sources */,
			);
			runOnlyForDeploymentPostprocessing = 0;
		};
		5F35130E18FC259F002BD9D9 /* Sources */ = {
			isa = PBXSourcesBuildPhase;
			buildActionMask = 2147483647;
			files = (
				5F20E40D191BC6FE00D313FB /* MIHBigIntegerTests.m in Sources */,
				5F5A756618FC2B9100773864 /* MIHAESKey.m in Sources */,
				5F8C2C7C19015303003DD9E6 /* MIHCryptoConfiguration.m in Sources */,
				5F5A756718FC2B9100773864 /* MIHAESKeyFactory.m in Sources */,
				5FDD19A618FD9AFF00620929 /* MIHSecureHashAlgorithm512Tests.m in Sources */,
				5FDD199F18FD981A00620929 /* MIHSecureHashAlgorithmTests.m in Sources */,
				5FDD19A718FD9BAF00620929 /* MIHSecureHashAlgorithm512.m in Sources */,
				5F7005C21900657A003789B7 /* MIHDESKey.m in Sources */,
				5FDD19B718FDA19A00620929 /* MIHMessageDigest5Tests.m in Sources */,
				5F20E40F191BC83800D313FB /* MIHBigInteger+Internal.m in Sources */,
				5FDD19AE18FD9F3000620929 /* MIHSecureHashAlgorithm384.m in Sources */,
				5FDD19AD18FD9F2D00620929 /* MIHSecureHashAlgorithm384.m in Sources */,
				5F5A756818FC2B9100773864 /* MIHErrors.m in Sources */,
				5F5A756918FC2B9100773864 /* MIHKeyPair.m in Sources */,
				5F8C2C7819013F54003DD9E6 /* MIHDESKeyTests.m in Sources */,
				5F5A756A18FC2B9100773864 /* MIHRSAKeyFactory.m in Sources */,
				5F5A756B18FC2B9100773864 /* MIHRSAPrivateKey+Internal.m in Sources */,
				5F5A756C18FC2B9100773864 /* MIHRSAPrivateKey.m in Sources */,
				5FDD19A018FD98F100620929 /* MIHSecureHashAlgorithm.m in Sources */,
				5F5A756D18FC2B9100773864 /* MIHRSAPublicKey+Internal.m in Sources */,
				5F5A756E18FC2B9100773864 /* MIHRSAPublicKey.m in Sources */,
				5F5A756F18FC2B9100773864 /* MIHSecureHashAlgorithm256.m in Sources */,
				5F34B2C51931F18400456B9F /* MIHBigIntegerRange.m in Sources */,
				5F7005CA19006D25003789B7 /* MIHDESKey+Internal.m in Sources */,
				5F5A757018FC2B9100773864 /* MIHInternal.m in Sources */,
				5F5A757118FC2B9100773864 /* NSData+MIHConversion.m in Sources */,
				5F5A757218FC2B9100773864 /* NSString+MIHConversion.m in Sources */,
				5F35132318FC25B9002BD9D9 /* MIHAESKeyTests.m in Sources */,
				5F35132718FC25B9002BD9D9 /* MIHConversionTests.m in Sources */,
				5F35132618FC25B9002BD9D9 /* MIHSecureHashAlgorithm256Tests.m in Sources */,
				5F8C2C7F19015EF0003DD9E6 /* MIHDESKeyFactoryTests.m in Sources */,
				5F35132418FC25B9002BD9D9 /* MIHRSAKeyFactoryTests.m in Sources */,
				5F35132518FC25B9002BD9D9 /* MIHRSAKeyTests.m in Sources */,
				5F20E40E191BC83500D313FB /* MIHBigInteger.m in Sources */,
				5FDD19B318FDA0D800620929 /* MIHMessageDigest5.m in Sources */,
				5F35132218FC25B9002BD9D9 /* MIHAESKeyFactoryTests.m in Sources */,
				5F7005C619006593003789B7 /* MIHDESKeyFactory.m in Sources */,
				30F449352F8A7B842ACC7139 /* MIHBigInteger+Factory.m in Sources */,
			);
			runOnlyForDeploymentPostprocessing = 0;
		};
/* End PBXSourcesBuildPhase section */

/* Begin PBXTargetDependency section */
		5F35131E18FC259F002BD9D9 /* PBXTargetDependency */ = {
			isa = PBXTargetDependency;
			target = 5F35130118FC258F002BD9D9 /* MIHCrypto */;
			targetProxy = 5F35131D18FC259F002BD9D9 /* PBXContainerItemProxy */;
		};
/* End PBXTargetDependency section */

/* Begin PBXVariantGroup section */
		5F35131718FC259F002BD9D9 /* InfoPlist.strings */ = {
			isa = PBXVariantGroup;
			children = (
				5F35131818FC259F002BD9D9 /* en */,
			);
			name = InfoPlist.strings;
			path = ../MIHCryptoOSXTests;
			sourceTree = "<group>";
		};
/* End PBXVariantGroup section */

/* Begin XCBuildConfiguration section */
		5F35130C18FC2590002BD9D9 /* Debug */ = {
			isa = XCBuildConfiguration;
			baseConfigurationReference = E1C1AAF97812F44EE1DF89ED /* Pods.debug.xcconfig */;
			buildSettings = {
				GCC_ENABLE_OBJC_EXCEPTIONS = YES;
				GCC_PRECOMPILE_PREFIX_HEADER = YES;
				GCC_PREFIX_HEADER = "MIHCryptoOSX/MIHCryptoOSX-Prefix.pch";
				GCC_PREPROCESSOR_DEFINITIONS = (
					"DEBUG=1",
					"$(inherited)",
				);
				MACOSX_DEPLOYMENT_TARGET = 10.8;
				PRODUCT_NAME = "$(TARGET_NAME)";
				SDKROOT = macosx;
			};
			name = Debug;
		};
		5F35130D18FC2590002BD9D9 /* Release */ = {
			isa = XCBuildConfiguration;
			baseConfigurationReference = 4024929363B7338D94B18BA0 /* Pods.release.xcconfig */;
			buildSettings = {
				DEBUG_INFORMATION_FORMAT = "dwarf-with-dsym";
				GCC_ENABLE_OBJC_EXCEPTIONS = YES;
				GCC_PRECOMPILE_PREFIX_HEADER = YES;
				GCC_PREFIX_HEADER = "MIHCryptoOSX/MIHCryptoOSX-Prefix.pch";
				MACOSX_DEPLOYMENT_TARGET = 10.8;
				PRODUCT_NAME = "$(TARGET_NAME)";
				SDKROOT = macosx;
			};
			name = Release;
		};
		5F35132018FC259F002BD9D9 /* Debug */ = {
			isa = XCBuildConfiguration;
			baseConfigurationReference = E1C1AAF97812F44EE1DF89ED /* Pods.debug.xcconfig */;
			buildSettings = {
				COMBINE_HIDPI_IMAGES = YES;
				FRAMEWORK_SEARCH_PATHS = (
					"$(DEVELOPER_FRAMEWORKS_DIR)",
					"$(inherited)",
				);
				GCC_ENABLE_OBJC_EXCEPTIONS = YES;
				GCC_PRECOMPILE_PREFIX_HEADER = YES;
				GCC_PREFIX_HEADER = "MIHCryptoOSXTests/MIHCryptoOSXTests-Prefix.pch";
				GCC_PREPROCESSOR_DEFINITIONS = (
					"DEBUG=1",
					"$(inherited)",
				);
				INFOPLIST_FILE = "MIHCryptoOSXTests/MIHCryptoOSXTests-Info.plist";
				MACOSX_DEPLOYMENT_TARGET = 10.8;
				PRODUCT_BUNDLE_IDENTIFIER = "net.michaelhohl.${PRODUCT_NAME:rfc1034identifier}";
				PRODUCT_NAME = "$(TARGET_NAME)";
				SDKROOT = macosx;
				WRAPPER_EXTENSION = xctest;
			};
			name = Debug;
		};
		5F35132118FC259F002BD9D9 /* Release */ = {
			isa = XCBuildConfiguration;
			baseConfigurationReference = 4024929363B7338D94B18BA0 /* Pods.release.xcconfig */;
			buildSettings = {
				COMBINE_HIDPI_IMAGES = YES;
				DEBUG_INFORMATION_FORMAT = "dwarf-with-dsym";
				FRAMEWORK_SEARCH_PATHS = (
					"$(DEVELOPER_FRAMEWORKS_DIR)",
					"$(inherited)",
				);
				GCC_ENABLE_OBJC_EXCEPTIONS = YES;
				GCC_PRECOMPILE_PREFIX_HEADER = YES;
				GCC_PREFIX_HEADER = "MIHCryptoOSXTests/MIHCryptoOSXTests-Prefix.pch";
				INFOPLIST_FILE = "MIHCryptoOSXTests/MIHCryptoOSXTests-Info.plist";
				MACOSX_DEPLOYMENT_TARGET = 10.8;
				PRODUCT_BUNDLE_IDENTIFIER = "net.michaelhohl.${PRODUCT_NAME:rfc1034identifier}";
				PRODUCT_NAME = "$(TARGET_NAME)";
				SDKROOT = macosx;
				WRAPPER_EXTENSION = xctest;
			};
			name = Release;
		};
		5F35BD6318F850E500596974 /* Debug */ = {
			isa = XCBuildConfiguration;
			buildSettings = {
				ALWAYS_SEARCH_USER_PATHS = NO;
				CLANG_CXX_LANGUAGE_STANDARD = "gnu++0x";
				CLANG_CXX_LIBRARY = "libc++";
				CLANG_ENABLE_MODULES = YES;
				CLANG_ENABLE_OBJC_ARC = YES;
				CLANG_WARN_BOOL_CONVERSION = YES;
				CLANG_WARN_CONSTANT_CONVERSION = YES;
				CLANG_WARN_DIRECT_OBJC_ISA_USAGE = YES_ERROR;
				CLANG_WARN_EMPTY_BODY = YES;
				CLANG_WARN_ENUM_CONVERSION = YES;
				CLANG_WARN_INT_CONVERSION = YES;
				CLANG_WARN_OBJC_ROOT_CLASS = YES_ERROR;
				CLANG_WARN__DUPLICATE_METHOD_MATCH = YES;
				"CODE_SIGN_IDENTITY[sdk=iphoneos*]" = "iPhone Developer";
				COPY_PHASE_STRIP = NO;
				ENABLE_TESTABILITY = YES;
				GCC_C_LANGUAGE_STANDARD = gnu99;
				GCC_DYNAMIC_NO_PIC = NO;
				GCC_OPTIMIZATION_LEVEL = 0;
				GCC_PREPROCESSOR_DEFINITIONS = (
					"DEBUG=1",
					"$(inherited)",
				);
				GCC_SYMBOLS_PRIVATE_EXTERN = NO;
				GCC_WARN_64_TO_32_BIT_CONVERSION = YES;
				GCC_WARN_ABOUT_RETURN_TYPE = YES_ERROR;
				GCC_WARN_UNDECLARED_SELECTOR = YES;
				GCC_WARN_UNINITIALIZED_AUTOS = YES;
				GCC_WARN_UNUSED_FUNCTION = YES;
				GCC_WARN_UNUSED_VARIABLE = YES;
				IPHONEOS_DEPLOYMENT_TARGET = 7.0;
				ONLY_ACTIVE_ARCH = YES;
				SDKROOT = iphoneos;
			};
			name = Debug;
		};
		5F35BD6418F850E500596974 /* Release */ = {
			isa = XCBuildConfiguration;
			buildSettings = {
				ALWAYS_SEARCH_USER_PATHS = NO;
				CLANG_CXX_LANGUAGE_STANDARD = "gnu++0x";
				CLANG_CXX_LIBRARY = "libc++";
				CLANG_ENABLE_MODULES = YES;
				CLANG_ENABLE_OBJC_ARC = YES;
				CLANG_WARN_BOOL_CONVERSION = YES;
				CLANG_WARN_CONSTANT_CONVERSION = YES;
				CLANG_WARN_DIRECT_OBJC_ISA_USAGE = YES_ERROR;
				CLANG_WARN_EMPTY_BODY = YES;
				CLANG_WARN_ENUM_CONVERSION = YES;
				CLANG_WARN_INT_CONVERSION = YES;
				CLANG_WARN_OBJC_ROOT_CLASS = YES_ERROR;
				CLANG_WARN__DUPLICATE_METHOD_MATCH = YES;
				"CODE_SIGN_IDENTITY[sdk=iphoneos*]" = "iPhone Developer";
				COPY_PHASE_STRIP = YES;
				ENABLE_NS_ASSERTIONS = NO;
				GCC_C_LANGUAGE_STANDARD = gnu99;
				GCC_WARN_64_TO_32_BIT_CONVERSION = YES;
				GCC_WARN_ABOUT_RETURN_TYPE = YES_ERROR;
				GCC_WARN_UNDECLARED_SELECTOR = YES;
				GCC_WARN_UNINITIALIZED_AUTOS = YES;
				GCC_WARN_UNUSED_FUNCTION = YES;
				GCC_WARN_UNUSED_VARIABLE = YES;
				IPHONEOS_DEPLOYMENT_TARGET = 7.0;
				SDKROOT = iphoneos;
				VALIDATE_PRODUCT = YES;
			};
			name = Release;
		};
/* End XCBuildConfiguration section */

/* Begin XCConfigurationList section */
		5F35130B18FC2590002BD9D9 /* Build configuration list for PBXNativeTarget "MIHCrypto" */ = {
			isa = XCConfigurationList;
			buildConfigurations = (
				5F35130C18FC2590002BD9D9 /* Debug */,
				5F35130D18FC2590002BD9D9 /* Release */,
			);
			defaultConfigurationIsVisible = 0;
			defaultConfigurationName = Release;
		};
		5F35131F18FC259F002BD9D9 /* Build configuration list for PBXNativeTarget "MIHCryptoTests" */ = {
			isa = XCConfigurationList;
			buildConfigurations = (
				5F35132018FC259F002BD9D9 /* Debug */,
				5F35132118FC259F002BD9D9 /* Release */,
			);
			defaultConfigurationIsVisible = 0;
			defaultConfigurationName = Release;
		};
		5F35BD2E18F850E400596974 /* Build configuration list for PBXProject "MIHCrypto" */ = {
			isa = XCConfigurationList;
			buildConfigurations = (
				5F35BD6318F850E500596974 /* Debug */,
				5F35BD6418F850E500596974 /* Release */,
			);
			defaultConfigurationIsVisible = 0;
			defaultConfigurationName = Release;
		};
/* End XCConfigurationList section */
	};
	rootObject = 5F35BD2B18F850E400596974 /* Project object */;
}
