<?xml version="1.0" encoding="UTF-8"?>
<!DOCTYPE plist PUBLIC "-//Apple//DTD PLIST 1.0//EN" "http://www.apple.com/DTDs/PropertyList-1.0.dtd">
<plist version="1.0">
<dict>
	<key>archiveVersion</key>
	<string>1</string>
	<key>classes</key>
	<dict/>
	<key>objectVersion</key>
	<string>46</string>
	<key>objects</key>
	<dict>
		<key>0675F91913CB4A25B61DA7CC</key>
		<dict>
			<key>explicitFileType</key>
			<string>archive.ar</string>
			<key>includeInIndex</key>
			<string>0</string>
			<key>isa</key>
			<string>PBXFileReference</string>
			<key>path</key>
			<string>libPods.a</string>
			<key>sourceTree</key>
			<string>BUILT_PRODUCTS_DIR</string>
		</dict>
		<key>30F44365BA5528C54A136E6B</key>
		<dict>
			<key>fileEncoding</key>
			<string>4</string>
			<key>isa</key>
			<string>PBXFileReference</string>
			<key>lastKnownFileType</key>
			<string>sourcecode.c.h</string>
			<key>name</key>
			<string>MIHBigInteger+Factory.h</string>
			<key>path</key>
			<string>Mathematics/MIHBigInteger+Factory.h</string>
			<key>sourceTree</key>
			<string>&lt;group&gt;</string>
		</dict>
		<key>30F444513B60F9F0518B1DB1</key>
		<dict>
			<key>fileRef</key>
			<string>30F44643891A3BC409D257E0</string>
			<key>isa</key>
			<string>PBXBuildFile</string>
		</dict>
		<key>30F44643891A3BC409D257E0</key>
		<dict>
			<key>fileEncoding</key>
			<string>4</string>
			<key>isa</key>
			<string>PBXFileReference</string>
			<key>lastKnownFileType</key>
			<string>sourcecode.c.objc</string>
			<key>name</key>
			<string>MIHBigInteger+Factory.m</string>
			<key>path</key>
			<string>Mathematics/MIHBigInteger+Factory.m</string>
			<key>sourceTree</key>
			<string>&lt;group&gt;</string>
		</dict>
		<key>30F449352F8A7B842ACC7139</key>
		<dict>
			<key>fileRef</key>
			<string>30F44643891A3BC409D257E0</string>
			<key>isa</key>
			<string>PBXBuildFile</string>
		</dict>
		<key>3FAD852894F3429B91E0FE10</key>
		<dict>
			<key>fileRef</key>
			<string>0675F91913CB4A25B61DA7CC</string>
			<key>isa</key>
			<string>PBXBuildFile</string>
		</dict>
		<key>4024929363B7338D94B18BA0</key>
		<dict>
			<key>includeInIndex</key>
			<string>1</string>
			<key>isa</key>
			<string>PBXFileReference</string>
			<key>lastKnownFileType</key>
			<string>text.xcconfig</string>
			<key>name</key>
			<string>Pods.release.xcconfig</string>
			<key>path</key>
			<string>Pods/Target Support Files/Pods/Pods.release.xcconfig</string>
			<key>sourceTree</key>
			<string>&lt;group&gt;</string>
		</dict>
		<key>478D50553BB34AB096C147CD</key>
		<dict>
			<key>buildActionMask</key>
			<string>2147483647</string>
			<key>files</key>
			<array/>
			<key>inputPaths</key>
			<array/>
			<key>isa</key>
			<string>PBXShellScriptBuildPhase</string>
			<key>name</key>
			<string>Copy Pods Resources</string>
			<key>outputPaths</key>
			<array/>
			<key>runOnlyForDeploymentPostprocessing</key>
			<string>0</string>
			<key>shellPath</key>
			<string>/bin/sh</string>
			<key>shellScript</key>
			<string>"${SRCROOT}/Pods/Target Support Files/Pods/Pods-resources.sh"
</string>
			<key>showEnvVarsInLog</key>
			<string>0</string>
		</dict>
		<key>5F20E404191BB20900D313FB</key>
		<dict>
			<key>fileEncoding</key>
			<string>4</string>
			<key>isa</key>
			<string>PBXFileReference</string>
			<key>lastKnownFileType</key>
			<string>sourcecode.c.h</string>
			<key>name</key>
			<string>MIHBigInteger+Internal.h</string>
			<key>path</key>
			<string>Mathematics/MIHBigInteger+Internal.h</string>
			<key>sourceTree</key>
			<string>&lt;group&gt;</string>
		</dict>
		<key>5F20E405191BB20900D313FB</key>
		<dict>
			<key>fileEncoding</key>
			<string>4</string>
			<key>isa</key>
			<string>PBXFileReference</string>
			<key>lastKnownFileType</key>
			<string>sourcecode.c.objc</string>
			<key>name</key>
			<string>MIHBigInteger+Internal.m</string>
			<key>path</key>
			<string>Mathematics/MIHBigInteger+Internal.m</string>
			<key>sourceTree</key>
			<string>&lt;group&gt;</string>
		</dict>
		<key>5F20E406191BB20900D313FB</key>
		<dict>
			<key>fileRef</key>
			<string>5F20E405191BB20900D313FB</string>
			<key>isa</key>
			<string>PBXBuildFile</string>
		</dict>
		<key>5F20E407191BC6D100D313FB</key>
		<dict>
			<key>children</key>
			<array>
				<string>5F20E40C191BC6FE00D313FB</string>
			</array>
			<key>isa</key>
			<string>PBXGroup</string>
			<key>name</key>
			<string>Mathematics</string>
			<key>sourceTree</key>
			<string>&lt;group&gt;</string>
		</dict>
		<key>5F20E40C191BC6FE00D313FB</key>
		<dict>
			<key>fileEncoding</key>
			<string>4</string>
			<key>isa</key>
			<string>PBXFileReference</string>
			<key>lastKnownFileType</key>
			<string>sourcecode.c.objc</string>
			<key>name</key>
			<string>MIHBigIntegerTests.m</string>
			<key>path</key>
			<string>Mathematics/MIHBigIntegerTests.m</string>
			<key>sourceTree</key>
			<string>&lt;group&gt;</string>
		</dict>
		<key>5F20E40D191BC6FE00D313FB</key>
		<dict>
			<key>fileRef</key>
			<string>5F20E40C191BC6FE00D313FB</string>
			<key>isa</key>
			<string>PBXBuildFile</string>
		</dict>
		<key>5F20E40E191BC83500D313FB</key>
		<dict>
			<key>fileRef</key>
			<string>5F9201D7191B7B30008FBBB2</string>
			<key>isa</key>
			<string>PBXBuildFile</string>
		</dict>
		<key>5F20E40F191BC83800D313FB</key>
		<dict>
			<key>fileRef</key>
			<string>5F20E405191BB20900D313FB</string>
			<key>isa</key>
			<string>PBXBuildFile</string>
		</dict>
		<key>5F34B2C21931F18400456B9F</key>
		<dict>
			<key>fileEncoding</key>
			<string>4</string>
			<key>isa</key>
			<string>PBXFileReference</string>
			<key>lastKnownFileType</key>
			<string>sourcecode.c.h</string>
			<key>name</key>
			<string>MIHBigIntegerRange.h</string>
			<key>path</key>
			<string>Mathematics/MIHBigIntegerRange.h</string>
			<key>sourceTree</key>
			<string>&lt;group&gt;</string>
		</dict>
		<key>5F34B2C31931F18400456B9F</key>
		<dict>
			<key>fileEncoding</key>
			<string>4</string>
			<key>isa</key>
			<string>PBXFileReference</string>
			<key>lastKnownFileType</key>
			<string>sourcecode.c.objc</string>
			<key>name</key>
			<string>MIHBigIntegerRange.m</string>
			<key>path</key>
			<string>Mathematics/MIHBigIntegerRange.m</string>
			<key>sourceTree</key>
			<string>&lt;group&gt;</string>
		</dict>
		<key>5F34B2C41931F18400456B9F</key>
		<dict>
			<key>fileRef</key>
			<string>5F34B2C31931F18400456B9F</string>
			<key>isa</key>
			<string>PBXBuildFile</string>
		</dict>
		<key>5F34B2C51931F18400456B9F</key>
		<dict>
			<key>fileRef</key>
			<string>5F34B2C31931F18400456B9F</string>
			<key>isa</key>
			<string>PBXBuildFile</string>
		</dict>
		<key>5F3512FE18FC258F002BD9D9</key>
		<dict>
			<key>buildActionMask</key>
			<string>2147483647</string>
			<key>files</key>
			<array>
				<string>5F35132818FC25E5002BD9D9</string>
				<string>5F35132918FC25E5002BD9D9</string>
				<string>5F35132A18FC25E5002BD9D9</string>
				<string>5F35132B18FC25E5002BD9D9</string>
				<string>5F7005C11900657A003789B7</string>
				<string>5F8C2C7B19015303003DD9E6</string>
				<string>5FDD19AA18FD9E4F00620929</string>
				<string>5F35132C18FC25E5002BD9D9</string>
				<string>5F35132D18FC25E5002BD9D9</string>
				<string>5F20E406191BB20900D313FB</string>
				<string>5F9201D8191B7B30008FBBB2</string>
				<string>5F35132E18FC25E5002BD9D9</string>
				<string>5FDD19B218FDA0D800620929</string>
				<string>5F35132F18FC25E5002BD9D9</string>
				<string>5F35133018FC25E5002BD9D9</string>
				<string>5F35133118FC25E5002BD9D9</string>
				<string>5F35133218FC25E5002BD9D9</string>
				<string>5F35133318FC25E5002BD9D9</string>
				<string>5F35133418FC25E5002BD9D9</string>
				<string>5F7005C519006593003789B7</string>
				<string>5FDD199C18FD978400620929</string>
				<string>5F7005C919006D25003789B7</string>
				<string>5F34B2C41931F18400456B9F</string>
				<string>5FDD19A318FD9A6000620929</string>
				<string>5F35130618FC2590002BD9D9</string>
				<string>30F444513B60F9F0518B1DB1</string>
			</array>
			<key>isa</key>
			<string>PBXSourcesBuildPhase</string>
			<key>runOnlyForDeploymentPostprocessing</key>
			<string>0</string>
		</dict>
		<key>5F3512FF18FC258F002BD9D9</key>
		<dict>
			<key>buildActionMask</key>
			<string>2147483647</string>
			<key>files</key>
			<array>
				<string>5F35130318FC2590002BD9D9</string>
				<string>3FAD852894F3429B91E0FE10</string>
			</array>
			<key>isa</key>
			<string>PBXFrameworksBuildPhase</string>
			<key>runOnlyForDeploymentPostprocessing</key>
			<string>0</string>
		</dict>
		<key>5F35130018FC258F002BD9D9</key>
		<dict>
			<key>buildActionMask</key>
			<string>2147483647</string>
			<key>dstPath</key>
			<string>/usr/share/man/man1/</string>
			<key>dstSubfolderSpec</key>
			<string>0</string>
			<key>files</key>
			<array>
				<string>5F35130A18FC2590002BD9D9</string>
			</array>
			<key>isa</key>
			<string>PBXCopyFilesBuildPhase</string>
			<key>runOnlyForDeploymentPostprocessing</key>
			<string>1</string>
		</dict>
		<key>5F35130118FC258F002BD9D9</key>
		<dict>
			<key>buildConfigurationList</key>
			<string>5F35130B18FC2590002BD9D9</string>
			<key>buildPhases</key>
			<array>
				<string>7BA6BA6D9D86494BA5656BA7</string>
				<string>5F3512FE18FC258F002BD9D9</string>
				<string>5F3512FF18FC258F002BD9D9</string>
				<string>5F35130018FC258F002BD9D9</string>
				<string>478D50553BB34AB096C147CD</string>
			</array>
			<key>buildRules</key>
			<array/>
			<key>dependencies</key>
			<array/>
			<key>isa</key>
			<string>PBXNativeTarget</string>
			<key>name</key>
			<string>MIHCrypto</string>
			<key>productName</key>
			<string>MIHCryptoOSX</string>
			<key>productReference</key>
			<string>5F35130218FC258F002BD9D9</string>
			<key>productType</key>
			<string>com.apple.product-type.tool</string>
		</dict>
		<key>5F35130218FC258F002BD9D9</key>
		<dict>
			<key>explicitFileType</key>
			<string>compiled.mach-o.executable</string>
			<key>includeInIndex</key>
			<string>0</string>
			<key>isa</key>
			<string>PBXFileReference</string>
			<key>path</key>
			<string>MIHCrypto</string>
			<key>sourceTree</key>
			<string>BUILT_PRODUCTS_DIR</string>
		</dict>
		<key>5F35130318FC2590002BD9D9</key>
		<dict>
			<key>fileRef</key>
			<string>5F35BD3618F850E400596974</string>
			<key>isa</key>
			<string>PBXBuildFile</string>
		</dict>
		<key>5F35130518FC2590002BD9D9</key>
		<dict>
			<key>isa</key>
			<string>PBXFileReference</string>
			<key>lastKnownFileType</key>
			<string>sourcecode.c.objc</string>
			<key>name</key>
			<string>main.m</string>
			<key>path</key>
			<string>../MIHCryptoOSX/main.m</string>
			<key>sourceTree</key>
			<string>&lt;group&gt;</string>
		</dict>
		<key>5F35130618FC2590002BD9D9</key>
		<dict>
			<key>fileRef</key>
			<string>5F35130518FC2590002BD9D9</string>
			<key>isa</key>
			<string>PBXBuildFile</string>
		</dict>
		<key>5F35130818FC2590002BD9D9</key>
		<dict>
			<key>isa</key>
			<string>PBXFileReference</string>
			<key>lastKnownFileType</key>
			<string>sourcecode.c.h</string>
			<key>name</key>
			<string>MIHCryptoOSX-Prefix.pch</string>
			<key>path</key>
			<string>../MIHCryptoOSX/MIHCryptoOSX-Prefix.pch</string>
			<key>sourceTree</key>
			<string>&lt;group&gt;</string>
		</dict>
		<key>5F35130918FC2590002BD9D9</key>
		<dict>
			<key>isa</key>
			<string>PBXFileReference</string>
			<key>lastKnownFileType</key>
			<string>text.man</string>
			<key>name</key>
			<string>MIHCryptoOSX.1</string>
			<key>path</key>
			<string>../MIHCryptoOSX/MIHCryptoOSX.1</string>
			<key>sourceTree</key>
			<string>&lt;group&gt;</string>
		</dict>
		<key>5F35130A18FC2590002BD9D9</key>
		<dict>
			<key>fileRef</key>
			<string>5F35130918FC2590002BD9D9</string>
			<key>isa</key>
			<string>PBXBuildFile</string>
		</dict>
		<key>5F35130B18FC2590002BD9D9</key>
		<dict>
			<key>buildConfigurations</key>
			<array>
				<string>5F35130C18FC2590002BD9D9</string>
				<string>5F35130D18FC2590002BD9D9</string>
			</array>
			<key>defaultConfigurationIsVisible</key>
			<string>0</string>
			<key>defaultConfigurationName</key>
			<string>Release</string>
			<key>isa</key>
			<string>XCConfigurationList</string>
		</dict>
		<key>5F35130C18FC2590002BD9D9</key>
		<dict>
			<key>baseConfigurationReference</key>
			<string>E1C1AAF97812F44EE1DF89ED</string>
			<key>buildSettings</key>
			<dict>
				<key>GCC_ENABLE_OBJC_EXCEPTIONS</key>
				<string>YES</string>
				<key>GCC_PRECOMPILE_PREFIX_HEADER</key>
				<string>YES</string>
				<key>GCC_PREFIX_HEADER</key>
				<string>MIHCryptoOSX/MIHCryptoOSX-Prefix.pch</string>
				<key>GCC_PREPROCESSOR_DEFINITIONS</key>
				<array>
					<string>DEBUG=1</string>
					<string>$(inherited)</string>
				</array>
				<key>MACOSX_DEPLOYMENT_TARGET</key>
				<string>10.7</string>
				<key>PRODUCT_NAME</key>
				<string>$(TARGET_NAME)</string>
				<key>SDKROOT</key>
				<string>macosx</string>
			</dict>
			<key>isa</key>
			<string>XCBuildConfiguration</string>
			<key>name</key>
			<string>Debug</string>
		</dict>
		<key>5F35130D18FC2590002BD9D9</key>
		<dict>
			<key>baseConfigurationReference</key>
			<string>4024929363B7338D94B18BA0</string>
			<key>buildSettings</key>
			<dict>
				<key>DEBUG_INFORMATION_FORMAT</key>
				<string>dwarf-with-dsym</string>
				<key>GCC_ENABLE_OBJC_EXCEPTIONS</key>
				<string>YES</string>
				<key>GCC_PRECOMPILE_PREFIX_HEADER</key>
				<string>YES</string>
				<key>GCC_PREFIX_HEADER</key>
				<string>MIHCryptoOSX/MIHCryptoOSX-Prefix.pch</string>
				<key>MACOSX_DEPLOYMENT_TARGET</key>
				<string>10.7</string>
				<key>PRODUCT_NAME</key>
				<string>$(TARGET_NAME)</string>
				<key>SDKROOT</key>
				<string>macosx</string>
			</dict>
			<key>isa</key>
			<string>XCBuildConfiguration</string>
			<key>name</key>
			<string>Release</string>
		</dict>
		<key>5F35130E18FC259F002BD9D9</key>
		<dict>
			<key>buildActionMask</key>
			<string>2147483647</string>
			<key>files</key>
			<array>
				<string>5F20E40D191BC6FE00D313FB</string>
				<string>5F5A756618FC2B9100773864</string>
				<string>5F8C2C7C19015303003DD9E6</string>
				<string>5F5A756718FC2B9100773864</string>
				<string>5FDD19A618FD9AFF00620929</string>
				<string>5FDD199F18FD981A00620929</string>
				<string>5FDD19A718FD9BAF00620929</string>
				<string>5F7005C21900657A003789B7</string>
				<string>5FDD19B718FDA19A00620929</string>
				<string>5F20E40F191BC83800D313FB</string>
				<string>5FDD19AE18FD9F3000620929</string>
				<string>5FDD19AD18FD9F2D00620929</string>
				<string>5F5A756818FC2B9100773864</string>
				<string>5F5A756918FC2B9100773864</string>
				<string>5F8C2C7819013F54003DD9E6</string>
				<string>5F5A756A18FC2B9100773864</string>
				<string>5F5A756B18FC2B9100773864</string>
				<string>5F5A756C18FC2B9100773864</string>
				<string>5FDD19A018FD98F100620929</string>
				<string>5F5A756D18FC2B9100773864</string>
				<string>5F5A756E18FC2B9100773864</string>
				<string>5F5A756F18FC2B9100773864</string>
				<string>5F34B2C51931F18400456B9F</string>
				<string>5F7005CA19006D25003789B7</string>
				<string>5F5A757018FC2B9100773864</string>
				<string>5F5A757118FC2B9100773864</string>
				<string>5F5A757218FC2B9100773864</string>
				<string>5F35132318FC25B9002BD9D9</string>
				<string>5F35132718FC25B9002BD9D9</string>
				<string>5F35132618FC25B9002BD9D9</string>
				<string>5F8C2C7F19015EF0003DD9E6</string>
				<string>5F35132418FC25B9002BD9D9</string>
				<string>5F35132518FC25B9002BD9D9</string>
				<string>5F20E40E191BC83500D313FB</string>
				<string>5FDD19B318FDA0D800620929</string>
				<string>5F35132218FC25B9002BD9D9</string>
				<string>5F7005C619006593003789B7</string>
				<string>30F449352F8A7B842ACC7139</string>
			</array>
			<key>isa</key>
			<string>PBXSourcesBuildPhase</string>
			<key>runOnlyForDeploymentPostprocessing</key>
			<string>0</string>
		</dict>
		<key>5F35130F18FC259F002BD9D9</key>
		<dict>
			<key>buildActionMask</key>
			<string>2147483647</string>
			<key>files</key>
			<array>
				<string>5F35131318FC259F002BD9D9</string>
				<string>C46F28014D6D496E98C9068F</string>
			</array>
			<key>isa</key>
			<string>PBXFrameworksBuildPhase</string>
			<key>runOnlyForDeploymentPostprocessing</key>
			<string>0</string>
		</dict>
		<key>5F35131018FC259F002BD9D9</key>
		<dict>
			<key>buildActionMask</key>
			<string>2147483647</string>
			<key>files</key>
			<array>
				<string>5F35131918FC259F002BD9D9</string>
			</array>
			<key>isa</key>
			<string>PBXResourcesBuildPhase</string>
			<key>runOnlyForDeploymentPostprocessing</key>
			<string>0</string>
		</dict>
		<key>5F35131118FC259F002BD9D9</key>
		<dict>
			<key>buildConfigurationList</key>
			<string>5F35131F18FC259F002BD9D9</string>
			<key>buildPhases</key>
			<array>
				<string>AA033869E6C8443B9AA91F5A</string>
				<string>5F35130E18FC259F002BD9D9</string>
				<string>5F35130F18FC259F002BD9D9</string>
				<string>5F35131018FC259F002BD9D9</string>
				<string>C415DB6DBD93456CB4F6D1C6</string>
			</array>
			<key>buildRules</key>
			<array/>
			<key>dependencies</key>
			<array>
				<string>5F35131E18FC259F002BD9D9</string>
			</array>
			<key>isa</key>
			<string>PBXNativeTarget</string>
			<key>name</key>
			<string>MIHCryptoTests</string>
			<key>productName</key>
			<string>MIHCryptoOSXTests</string>
			<key>productReference</key>
			<string>5F35131218FC259F002BD9D9</string>
			<key>productType</key>
			<string>com.apple.product-type.bundle.unit-test</string>
		</dict>
		<key>5F35131218FC259F002BD9D9</key>
		<dict>
			<key>explicitFileType</key>
			<string>wrapper.cfbundle</string>
			<key>includeInIndex</key>
			<string>0</string>
			<key>isa</key>
			<string>PBXFileReference</string>
			<key>path</key>
			<string>MIHCryptoTests.xctest</string>
			<key>sourceTree</key>
			<string>BUILT_PRODUCTS_DIR</string>
		</dict>
		<key>5F35131318FC259F002BD9D9</key>
		<dict>
			<key>fileRef</key>
			<string>5F35BD5518F850E400596974</string>
			<key>isa</key>
			<string>PBXBuildFile</string>
		</dict>
		<key>5F35131518FC259F002BD9D9</key>
		<dict>
			<key>children</key>
			<array>
				<string>5F35130518FC2590002BD9D9</string>
				<string>5F35130918FC2590002BD9D9</string>
				<string>5F35130818FC2590002BD9D9</string>
			</array>
			<key>isa</key>
			<string>PBXGroup</string>
			<key>name</key>
			<string>Supporting Files</string>
			<key>path</key>
			<string>MIHCryptoOSXTests</string>
			<key>sourceTree</key>
			<string>SOURCE_ROOT</string>
		</dict>
		<key>5F35131618FC259F002BD9D9</key>
		<dict>
			<key>isa</key>
			<string>PBXFileReference</string>
			<key>lastKnownFileType</key>
			<string>text.plist.xml</string>
			<key>name</key>
			<string>MIHCryptoOSXTests-Info.plist</string>
			<key>path</key>
			<string>../MIHCryptoOSXTests/MIHCryptoOSXTests-Info.plist</string>
			<key>sourceTree</key>
			<string>&lt;group&gt;</string>
		</dict>
		<key>5F35131718FC259F002BD9D9</key>
		<dict>
			<key>children</key>
			<array>
				<string>5F35131818FC259F002BD9D9</string>
			</array>
			<key>isa</key>
			<string>PBXVariantGroup</string>
			<key>name</key>
			<string>InfoPlist.strings</string>
			<key>path</key>
			<string>../MIHCryptoOSXTests</string>
			<key>sourceTree</key>
			<string>&lt;group&gt;</string>
		</dict>
		<key>5F35131818FC259F002BD9D9</key>
		<dict>
			<key>isa</key>
			<string>PBXFileReference</string>
			<key>lastKnownFileType</key>
			<string>text.plist.strings</string>
			<key>name</key>
			<string>en</string>
			<key>path</key>
			<string>en.lproj/InfoPlist.strings</string>
			<key>sourceTree</key>
			<string>&lt;group&gt;</string>
		</dict>
		<key>5F35131918FC259F002BD9D9</key>
		<dict>
			<key>fileRef</key>
			<string>5F35131718FC259F002BD9D9</string>
			<key>isa</key>
			<string>PBXBuildFile</string>
		</dict>
		<key>5F35131C18FC259F002BD9D9</key>
		<dict>
			<key>isa</key>
			<string>PBXFileReference</string>
			<key>lastKnownFileType</key>
			<string>sourcecode.c.h</string>
			<key>name</key>
			<string>MIHCryptoOSXTests-Prefix.pch</string>
			<key>path</key>
			<string>../MIHCryptoOSXTests/MIHCryptoOSXTests-Prefix.pch</string>
			<key>sourceTree</key>
			<string>&lt;group&gt;</string>
		</dict>
		<key>5F35131D18FC259F002BD9D9</key>
		<dict>
			<key>containerPortal</key>
			<string>5F35BD2B18F850E400596974</string>
			<key>isa</key>
			<string>PBXContainerItemProxy</string>
			<key>proxyType</key>
			<string>1</string>
			<key>remoteGlobalIDString</key>
			<string>5F35130118FC258F002BD9D9</string>
			<key>remoteInfo</key>
			<string>MIHCryptoOSX</string>
		</dict>
		<key>5F35131E18FC259F002BD9D9</key>
		<dict>
			<key>isa</key>
			<string>PBXTargetDependency</string>
			<key>target</key>
			<string>5F35130118FC258F002BD9D9</string>
			<key>targetProxy</key>
			<string>5F35131D18FC259F002BD9D9</string>
		</dict>
		<key>5F35131F18FC259F002BD9D9</key>
		<dict>
			<key>buildConfigurations</key>
			<array>
				<string>5F35132018FC259F002BD9D9</string>
				<string>5F35132118FC259F002BD9D9</string>
			</array>
			<key>defaultConfigurationIsVisible</key>
			<string>0</string>
			<key>defaultConfigurationName</key>
			<string>Release</string>
			<key>isa</key>
			<string>XCConfigurationList</string>
		</dict>
		<key>5F35132018FC259F002BD9D9</key>
		<dict>
			<key>baseConfigurationReference</key>
			<string>E1C1AAF97812F44EE1DF89ED</string>
			<key>buildSettings</key>
			<dict>
				<key>COMBINE_HIDPI_IMAGES</key>
				<string>YES</string>
				<key>FRAMEWORK_SEARCH_PATHS</key>
				<array>
					<string>$(DEVELOPER_FRAMEWORKS_DIR)</string>
					<string>$(inherited)</string>
				</array>
				<key>GCC_ENABLE_OBJC_EXCEPTIONS</key>
				<string>YES</string>
				<key>GCC_PRECOMPILE_PREFIX_HEADER</key>
				<string>YES</string>
				<key>GCC_PREFIX_HEADER</key>
				<string>MIHCryptoOSXTests/MIHCryptoOSXTests-Prefix.pch</string>
				<key>GCC_PREPROCESSOR_DEFINITIONS</key>
				<array>
					<string>DEBUG=1</string>
					<string>$(inherited)</string>
				</array>
				<key>INFOPLIST_FILE</key>
				<string>MIHCryptoOSXTests/MIHCryptoOSXTests-Info.plist</string>
				<key>MACOSX_DEPLOYMENT_TARGET</key>
				<string>10.7</string>
				<key>PRODUCT_NAME</key>
				<string>$(TARGET_NAME)</string>
				<key>SDKROOT</key>
				<string>macosx</string>
				<key>WRAPPER_EXTENSION</key>
				<string>xctest</string>
			</dict>
			<key>isa</key>
			<string>XCBuildConfiguration</string>
			<key>name</key>
			<string>Debug</string>
		</dict>
		<key>5F35132118FC259F002BD9D9</key>
		<dict>
			<key>baseConfigurationReference</key>
			<string>4024929363B7338D94B18BA0</string>
			<key>buildSettings</key>
			<dict>
				<key>COMBINE_HIDPI_IMAGES</key>
				<string>YES</string>
				<key>DEBUG_INFORMATION_FORMAT</key>
				<string>dwarf-with-dsym</string>
				<key>FRAMEWORK_SEARCH_PATHS</key>
				<array>
					<string>$(DEVELOPER_FRAMEWORKS_DIR)</string>
					<string>$(inherited)</string>
				</array>
				<key>GCC_ENABLE_OBJC_EXCEPTIONS</key>
				<string>YES</string>
				<key>GCC_PRECOMPILE_PREFIX_HEADER</key>
				<string>YES</string>
				<key>GCC_PREFIX_HEADER</key>
				<string>MIHCryptoOSXTests/MIHCryptoOSXTests-Prefix.pch</string>
				<key>INFOPLIST_FILE</key>
				<string>MIHCryptoOSXTests/MIHCryptoOSXTests-Info.plist</string>
				<key>MACOSX_DEPLOYMENT_TARGET</key>
				<string>10.7</string>
				<key>PRODUCT_NAME</key>
				<string>$(TARGET_NAME)</string>
				<key>SDKROOT</key>
				<string>macosx</string>
				<key>WRAPPER_EXTENSION</key>
				<string>xctest</string>
			</dict>
			<key>isa</key>
			<string>XCBuildConfiguration</string>
			<key>name</key>
			<string>Release</string>
		</dict>
		<key>5F35132218FC25B9002BD9D9</key>
		<dict>
			<key>fileRef</key>
			<string>5F35BD8118F8522C00596974</string>
			<key>isa</key>
			<string>PBXBuildFile</string>
		</dict>
		<key>5F35132318FC25B9002BD9D9</key>
		<dict>
			<key>fileRef</key>
			<string>5F35BD8218F8522C00596974</string>
			<key>isa</key>
			<string>PBXBuildFile</string>
		</dict>
		<key>5F35132418FC25B9002BD9D9</key>
		<dict>
			<key>fileRef</key>
			<string>5F35BD8518F8522C00596974</string>
			<key>isa</key>
			<string>PBXBuildFile</string>
		</dict>
		<key>5F35132518FC25B9002BD9D9</key>
		<dict>
			<key>fileRef</key>
			<string>5F35BD8618F8522C00596974</string>
			<key>isa</key>
			<string>PBXBuildFile</string>
		</dict>
		<key>5F35132618FC25B9002BD9D9</key>
		<dict>
			<key>fileRef</key>
			<string>5F35BD8818F8522C00596974</string>
			<key>isa</key>
			<string>PBXBuildFile</string>
		</dict>
		<key>5F35132718FC25B9002BD9D9</key>
		<dict>
			<key>fileRef</key>
			<string>5F35BD8A18F8522C00596974</string>
			<key>isa</key>
			<string>PBXBuildFile</string>
		</dict>
		<key>5F35132818FC25E5002BD9D9</key>
		<dict>
			<key>fileRef</key>
			<string>5F35BD9318F8523E00596974</string>
			<key>isa</key>
			<string>PBXBuildFile</string>
		</dict>
		<key>5F35132918FC25E5002BD9D9</key>
		<dict>
			<key>fileRef</key>
			<string>5F35BD9518F8523E00596974</string>
			<key>isa</key>
			<string>PBXBuildFile</string>
		</dict>
		<key>5F35132A18FC25E5002BD9D9</key>
		<dict>
			<key>fileRef</key>
			<string>5F35BD9818F8523E00596974</string>
			<key>isa</key>
			<string>PBXBuildFile</string>
		</dict>
		<key>5F35132B18FC25E5002BD9D9</key>
		<dict>
			<key>fileRef</key>
			<string>5F35BD9C18F8523E00596974</string>
			<key>isa</key>
			<string>PBXBuildFile</string>
		</dict>
		<key>5F35132C18FC25E5002BD9D9</key>
		<dict>
			<key>fileRef</key>
			<string>5F35BDA218F8523E00596974</string>
			<key>isa</key>
			<string>PBXBuildFile</string>
		</dict>
		<key>5F35132D18FC25E5002BD9D9</key>
		<dict>
			<key>fileRef</key>
			<string>5F35BDA418F8523E00596974</string>
			<key>isa</key>
			<string>PBXBuildFile</string>
		</dict>
		<key>5F35132E18FC25E5002BD9D9</key>
		<dict>
			<key>fileRef</key>
			<string>5F35BDA618F8523E00596974</string>
			<key>isa</key>
			<string>PBXBuildFile</string>
		</dict>
		<key>5F35132F18FC25E5002BD9D9</key>
		<dict>
			<key>fileRef</key>
			<string>5F35BDA818F8523E00596974</string>
			<key>isa</key>
			<string>PBXBuildFile</string>
		</dict>
		<key>5F35133018FC25E5002BD9D9</key>
		<dict>
			<key>fileRef</key>
			<string>5F35BDAA18F8523E00596974</string>
			<key>isa</key>
			<string>PBXBuildFile</string>
		</dict>
		<key>5F35133118FC25E5002BD9D9</key>
		<dict>
			<key>fileRef</key>
			<string>5F35BDAD18F8523E00596974</string>
			<key>isa</key>
			<string>PBXBuildFile</string>
		</dict>
		<key>5F35133218FC25E5002BD9D9</key>
		<dict>
			<key>fileRef</key>
			<string>5F35BDB018F8523E00596974</string>
			<key>isa</key>
			<string>PBXBuildFile</string>
		</dict>
		<key>5F35133318FC25E5002BD9D9</key>
		<dict>
			<key>fileRef</key>
			<string>5F35BDB218F8523E00596974</string>
			<key>isa</key>
			<string>PBXBuildFile</string>
		</dict>
		<key>5F35133418FC25E5002BD9D9</key>
		<dict>
			<key>fileRef</key>
			<string>5F35BDB418F8523E00596974</string>
			<key>isa</key>
			<string>PBXBuildFile</string>
		</dict>
		<key>5F35BD2A18F850E400596974</key>
		<dict>
			<key>children</key>
			<array>
				<string>5F35BD3C18F850E400596974</string>
				<string>5F35BD5B18F850E400596974</string>
				<string>5F35BD3518F850E400596974</string>
				<string>5F35BD3418F850E400596974</string>
				<string>EC94A02F43C7A81ACC82EF40</string>
			</array>
			<key>isa</key>
			<string>PBXGroup</string>
			<key>sourceTree</key>
			<string>&lt;group&gt;</string>
		</dict>
		<key>5F35BD2B18F850E400596974</key>
		<dict>
			<key>attributes</key>
			<dict>
				<key>CLASSPREFIX</key>
				<string>MIH</string>
				<key>LastUpgradeCheck</key>
				<string>0510</string>
				<key>ORGANIZATIONNAME</key>
				<string>Michael Hohl</string>
				<key>TargetAttributes</key>
				<dict>
					<key>5F35131118FC259F002BD9D9</key>
					<dict>
						<key>TestTargetID</key>
						<string>5F35130118FC258F002BD9D9</string>
					</dict>
				</dict>
			</dict>
			<key>buildConfigurationList</key>
			<string>5F35BD2E18F850E400596974</string>
			<key>compatibilityVersion</key>
			<string>Xcode 3.2</string>
			<key>developmentRegion</key>
			<string>English</string>
			<key>hasScannedForEncodings</key>
			<string>0</string>
			<key>isa</key>
			<string>PBXProject</string>
			<key>knownRegions</key>
			<array>
				<string>en</string>
				<string>Base</string>
			</array>
			<key>mainGroup</key>
			<string>5F35BD2A18F850E400596974</string>
			<key>productRefGroup</key>
			<string>5F35BD3418F850E400596974</string>
			<key>projectDirPath</key>
			<string></string>
			<key>projectReferences</key>
			<array/>
			<key>projectRoot</key>
			<string></string>
			<key>targets</key>
			<array>
				<string>5F35130118FC258F002BD9D9</string>
				<string>5F35131118FC259F002BD9D9</string>
			</array>
		</dict>
		<key>5F35BD2E18F850E400596974</key>
		<dict>
			<key>buildConfigurations</key>
			<array>
				<string>5F35BD6318F850E500596974</string>
				<string>5F35BD6418F850E500596974</string>
			</array>
			<key>defaultConfigurationIsVisible</key>
			<string>0</string>
			<key>defaultConfigurationName</key>
			<string>Release</string>
			<key>isa</key>
			<string>XCConfigurationList</string>
		</dict>
		<key>5F35BD3418F850E400596974</key>
		<dict>
			<key>children</key>
			<array>
				<string>5F35130218FC258F002BD9D9</string>
				<string>5F35131218FC259F002BD9D9</string>
			</array>
			<key>isa</key>
			<string>PBXGroup</string>
			<key>name</key>
			<string>Products</string>
			<key>sourceTree</key>
			<string>&lt;group&gt;</string>
		</dict>
		<key>5F35BD3518F850E400596974</key>
		<dict>
			<key>children</key>
			<array>
				<string>5F35BD3618F850E400596974</string>
				<string>5F35BD3818F850E400596974</string>
				<string>5F35BD3A18F850E400596974</string>
				<string>5F35BD5518F850E400596974</string>
				<string>0675F91913CB4A25B61DA7CC</string>
			</array>
			<key>isa</key>
			<string>PBXGroup</string>
			<key>name</key>
			<string>Frameworks</string>
			<key>sourceTree</key>
			<string>&lt;group&gt;</string>
		</dict>
		<key>5F35BD3618F850E400596974</key>
		<dict>
			<key>isa</key>
			<string>PBXFileReference</string>
			<key>lastKnownFileType</key>
			<string>wrapper.framework</string>
			<key>name</key>
			<string>Foundation.framework</string>
			<key>path</key>
			<string>System/Library/Frameworks/Foundation.framework</string>
			<key>sourceTree</key>
			<string>SDKROOT</string>
		</dict>
		<key>5F35BD3818F850E400596974</key>
		<dict>
			<key>isa</key>
			<string>PBXFileReference</string>
			<key>lastKnownFileType</key>
			<string>wrapper.framework</string>
			<key>name</key>
			<string>CoreGraphics.framework</string>
			<key>path</key>
			<string>System/Library/Frameworks/CoreGraphics.framework</string>
			<key>sourceTree</key>
			<string>SDKROOT</string>
		</dict>
		<key>5F35BD3A18F850E400596974</key>
		<dict>
			<key>isa</key>
			<string>PBXFileReference</string>
			<key>lastKnownFileType</key>
			<string>wrapper.framework</string>
			<key>name</key>
			<string>UIKit.framework</string>
			<key>path</key>
			<string>System/Library/Frameworks/UIKit.framework</string>
			<key>sourceTree</key>
			<string>SDKROOT</string>
		</dict>
		<key>5F35BD3C18F850E400596974</key>
		<dict>
			<key>children</key>
			<array>
				<string>5F35BD9118F8523E00596974</string>
				<string>5F35BD9618F8523E00596974</string>
				<string>5F7005BE1900657A003789B7</string>
				<string>5F9201D5191B7B1E008FBBB2</string>
				<string>5FDD19AF18FDA09000620929</string>
				<string>5F35BDA018F8523E00596974</string>
				<string>5F35BDAB18F8523E00596974</string>
				<string>5F35BDAE18F8523E00596974</string>
				<string>5F35131518FC259F002BD9D9</string>
			</array>
			<key>isa</key>
			<string>PBXGroup</string>
			<key>path</key>
			<string>MIHCrypto</string>
			<key>sourceTree</key>
			<string>&lt;group&gt;</string>
		</dict>
		<key>5F35BD5518F850E400596974</key>
		<dict>
			<key>isa</key>
			<string>PBXFileReference</string>
			<key>lastKnownFileType</key>
			<string>wrapper.framework</string>
			<key>name</key>
			<string>XCTest.framework</string>
			<key>path</key>
			<string>Library/Frameworks/XCTest.framework</string>
			<key>sourceTree</key>
			<string>DEVELOPER_DIR</string>
		</dict>
		<key>5F35BD5B18F850E400596974</key>
		<dict>
			<key>children</key>
			<array>
				<string>5F35BD8018F8522C00596974</string>
				<string>5F35BD8318F8522C00596974</string>
				<string>5F8C2C7519013F3C003DD9E6</string>
				<string>5F20E407191BC6D100D313FB</string>
				<string>5FDD19B418FDA17C00620929</string>
				<string>5F35BD8418F8522C00596974</string>
				<string>5F35BD8718F8522C00596974</string>
				<string>5F35BD8918F8522C00596974</string>
				<string>5F35BD5C18F850E400596974</string>
			</array>
			<key>isa</key>
			<string>PBXGroup</string>
			<key>path</key>
			<string>MIHCryptoTests</string>
			<key>sourceTree</key>
			<string>&lt;group&gt;</string>
		</dict>
		<key>5F35BD5C18F850E400596974</key>
		<dict>
			<key>children</key>
			<array>
				<string>5F35131618FC259F002BD9D9</string>
				<string>5F35131718FC259F002BD9D9</string>
				<string>5F35131C18FC259F002BD9D9</string>
			</array>
			<key>isa</key>
			<string>PBXGroup</string>
			<key>name</key>
			<string>Supporting Files</string>
			<key>sourceTree</key>
			<string>&lt;group&gt;</string>
		</dict>
		<key>5F35BD6318F850E500596974</key>
		<dict>
			<key>buildSettings</key>
			<dict>
				<key>ALWAYS_SEARCH_USER_PATHS</key>
				<string>NO</string>
				<key>CLANG_CXX_LANGUAGE_STANDARD</key>
				<string>gnu++0x</string>
				<key>CLANG_CXX_LIBRARY</key>
				<string>libc++</string>
				<key>CLANG_ENABLE_MODULES</key>
				<string>YES</string>
				<key>CLANG_ENABLE_OBJC_ARC</key>
				<string>YES</string>
				<key>CLANG_WARN_BOOL_CONVERSION</key>
				<string>YES</string>
				<key>CLANG_WARN_CONSTANT_CONVERSION</key>
				<string>YES</string>
				<key>CLANG_WARN_DIRECT_OBJC_ISA_USAGE</key>
				<string>YES_ERROR</string>
				<key>CLANG_WARN_EMPTY_BODY</key>
				<string>YES</string>
				<key>CLANG_WARN_ENUM_CONVERSION</key>
				<string>YES</string>
				<key>CLANG_WARN_INT_CONVERSION</key>
				<string>YES</string>
				<key>CLANG_WARN_OBJC_ROOT_CLASS</key>
				<string>YES_ERROR</string>
				<key>CLANG_WARN__DUPLICATE_METHOD_MATCH</key>
				<string>YES</string>
				<key>CODE_SIGN_IDENTITY[sdk=iphoneos*]</key>
				<string>iPhone Developer</string>
				<key>COPY_PHASE_STRIP</key>
				<string>NO</string>
				<key>GCC_C_LANGUAGE_STANDARD</key>
				<string>gnu99</string>
				<key>GCC_DYNAMIC_NO_PIC</key>
				<string>NO</string>
				<key>GCC_OPTIMIZATION_LEVEL</key>
				<string>0</string>
				<key>GCC_PREPROCESSOR_DEFINITIONS</key>
				<array>
					<string>DEBUG=1</string>
					<string>$(inherited)</string>
				</array>
				<key>GCC_SYMBOLS_PRIVATE_EXTERN</key>
				<string>NO</string>
				<key>GCC_WARN_64_TO_32_BIT_CONVERSION</key>
				<string>YES</string>
				<key>GCC_WARN_ABOUT_RETURN_TYPE</key>
				<string>YES_ERROR</string>
				<key>GCC_WARN_UNDECLARED_SELECTOR</key>
				<string>YES</string>
				<key>GCC_WARN_UNINITIALIZED_AUTOS</key>
				<string>YES</string>
				<key>GCC_WARN_UNUSED_FUNCTION</key>
				<string>YES</string>
				<key>GCC_WARN_UNUSED_VARIABLE</key>
				<string>YES</string>
				<key>IPHONEOS_DEPLOYMENT_TARGET</key>
				<string>7.0</string>
				<key>ONLY_ACTIVE_ARCH</key>
				<string>YES</string>
				<key>SDKROOT</key>
				<string>iphoneos</string>
			</dict>
			<key>isa</key>
			<string>XCBuildConfiguration</string>
			<key>name</key>
			<string>Debug</string>
		</dict>
		<key>5F35BD6418F850E500596974</key>
		<dict>
			<key>buildSettings</key>
			<dict>
				<key>ALWAYS_SEARCH_USER_PATHS</key>
				<string>NO</string>
				<key>CLANG_CXX_LANGUAGE_STANDARD</key>
				<string>gnu++0x</string>
				<key>CLANG_CXX_LIBRARY</key>
				<string>libc++</string>
				<key>CLANG_ENABLE_MODULES</key>
				<string>YES</string>
				<key>CLANG_ENABLE_OBJC_ARC</key>
				<string>YES</string>
				<key>CLANG_WARN_BOOL_CONVERSION</key>
				<string>YES</string>
				<key>CLANG_WARN_CONSTANT_CONVERSION</key>
				<string>YES</string>
				<key>CLANG_WARN_DIRECT_OBJC_ISA_USAGE</key>
				<string>YES_ERROR</string>
				<key>CLANG_WARN_EMPTY_BODY</key>
				<string>YES</string>
				<key>CLANG_WARN_ENUM_CONVERSION</key>
				<string>YES</string>
				<key>CLANG_WARN_INT_CONVERSION</key>
				<string>YES</string>
				<key>CLANG_WARN_OBJC_ROOT_CLASS</key>
				<string>YES_ERROR</string>
				<key>CLANG_WARN__DUPLICATE_METHOD_MATCH</key>
				<string>YES</string>
				<key>CODE_SIGN_IDENTITY[sdk=iphoneos*]</key>
				<string>iPhone Developer</string>
				<key>COPY_PHASE_STRIP</key>
				<string>YES</string>
				<key>ENABLE_NS_ASSERTIONS</key>
				<string>NO</string>
				<key>GCC_C_LANGUAGE_STANDARD</key>
				<string>gnu99</string>
				<key>GCC_WARN_64_TO_32_BIT_CONVERSION</key>
				<string>YES</string>
				<key>GCC_WARN_ABOUT_RETURN_TYPE</key>
				<string>YES_ERROR</string>
				<key>GCC_WARN_UNDECLARED_SELECTOR</key>
				<string>YES</string>
				<key>GCC_WARN_UNINITIALIZED_AUTOS</key>
				<string>YES</string>
				<key>GCC_WARN_UNUSED_FUNCTION</key>
				<string>YES</string>
				<key>GCC_WARN_UNUSED_VARIABLE</key>
				<string>YES</string>
				<key>IPHONEOS_DEPLOYMENT_TARGET</key>
				<string>7.0</string>
				<key>SDKROOT</key>
				<string>iphoneos</string>
				<key>VALIDATE_PRODUCT</key>
				<string>YES</string>
			</dict>
			<key>isa</key>
			<string>XCBuildConfiguration</string>
			<key>name</key>
			<string>Release</string>
		</dict>
		<key>5F35BD8018F8522C00596974</key>
		<dict>
			<key>children</key>
			<array>
				<string>5F35BD8118F8522C00596974</string>
				<string>5F35BD8218F8522C00596974</string>
			</array>
			<key>isa</key>
			<string>PBXGroup</string>
			<key>path</key>
			<string>AES</string>
			<key>sourceTree</key>
			<string>&lt;group&gt;</string>
		</dict>
		<key>5F35BD8118F8522C00596974</key>
		<dict>
			<key>fileEncoding</key>
			<string>4</string>
			<key>isa</key>
			<string>PBXFileReference</string>
			<key>lastKnownFileType</key>
			<string>sourcecode.c.objc</string>
			<key>path</key>
			<string>MIHAESKeyFactoryTests.m</string>
			<key>sourceTree</key>
			<string>&lt;group&gt;</string>
		</dict>
		<key>5F35BD8218F8522C00596974</key>
		<dict>
			<key>fileEncoding</key>
			<string>4</string>
			<key>isa</key>
			<string>PBXFileReference</string>
			<key>lastKnownFileType</key>
			<string>sourcecode.c.objc</string>
			<key>path</key>
			<string>MIHAESKeyTests.m</string>
			<key>sourceTree</key>
			<string>&lt;group&gt;</string>
		</dict>
		<key>5F35BD8318F8522C00596974</key>
		<dict>
			<key>children</key>
			<array/>
			<key>isa</key>
			<string>PBXGroup</string>
			<key>path</key>
			<string>Core</string>
			<key>sourceTree</key>
			<string>&lt;group&gt;</string>
		</dict>
		<key>5F35BD8418F8522C00596974</key>
		<dict>
			<key>children</key>
			<array>
				<string>5F35BD8518F8522C00596974</string>
				<string>5F35BD8618F8522C00596974</string>
			</array>
			<key>isa</key>
			<string>PBXGroup</string>
			<key>path</key>
			<string>RSA</string>
			<key>sourceTree</key>
			<string>&lt;group&gt;</string>
		</dict>
		<key>5F35BD8518F8522C00596974</key>
		<dict>
			<key>fileEncoding</key>
			<string>4</string>
			<key>isa</key>
			<string>PBXFileReference</string>
			<key>lastKnownFileType</key>
			<string>sourcecode.c.objc</string>
			<key>path</key>
			<string>MIHRSAKeyFactoryTests.m</string>
			<key>sourceTree</key>
			<string>&lt;group&gt;</string>
		</dict>
		<key>5F35BD8618F8522C00596974</key>
		<dict>
			<key>fileEncoding</key>
			<string>4</string>
			<key>isa</key>
			<string>PBXFileReference</string>
			<key>lastKnownFileType</key>
			<string>sourcecode.c.objc</string>
			<key>path</key>
			<string>MIHRSAKeyTests.m</string>
			<key>sourceTree</key>
			<string>&lt;group&gt;</string>
		</dict>
		<key>5F35BD8718F8522C00596974</key>
		<dict>
			<key>children</key>
			<array>
				<string>5FDD19A518FD9AFF00620929</string>
				<string>5FDD19AC18FD9F2D00620929</string>
				<string>5F35BD8818F8522C00596974</string>
				<string>5FDD199E18FD981A00620929</string>
			</array>
			<key>isa</key>
			<string>PBXGroup</string>
			<key>path</key>
			<string>SHA</string>
			<key>sourceTree</key>
			<string>&lt;group&gt;</string>
		</dict>
		<key>5F35BD8818F8522C00596974</key>
		<dict>
			<key>fileEncoding</key>
			<string>4</string>
			<key>isa</key>
			<string>PBXFileReference</string>
			<key>lastKnownFileType</key>
			<string>sourcecode.c.objc</string>
			<key>path</key>
			<string>MIHSecureHashAlgorithm256Tests.m</string>
			<key>sourceTree</key>
			<string>&lt;group&gt;</string>
		</dict>
		<key>5F35BD8918F8522C00596974</key>
		<dict>
			<key>children</key>
			<array>
				<string>5F35BD8A18F8522C00596974</string>
			</array>
			<key>isa</key>
			<string>PBXGroup</string>
			<key>path</key>
			<string>Utils</string>
			<key>sourceTree</key>
			<string>&lt;group&gt;</string>
		</dict>
		<key>5F35BD8A18F8522C00596974</key>
		<dict>
			<key>fileEncoding</key>
			<string>4</string>
			<key>isa</key>
			<string>PBXFileReference</string>
			<key>lastKnownFileType</key>
			<string>sourcecode.c.objc</string>
			<key>path</key>
			<string>MIHConversionTests.m</string>
			<key>sourceTree</key>
			<string>&lt;group&gt;</string>
		</dict>
		<key>5F35BD9118F8523E00596974</key>
		<dict>
			<key>children</key>
			<array>
				<string>5F35BD9218F8523E00596974</string>
				<string>5F35BD9318F8523E00596974</string>
				<string>5F35BD9418F8523E00596974</string>
				<string>5F35BD9518F8523E00596974</string>
			</array>
			<key>isa</key>
			<string>PBXGroup</string>
			<key>path</key>
			<string>AES</string>
			<key>sourceTree</key>
			<string>&lt;group&gt;</string>
		</dict>
		<key>5F35BD9218F8523E00596974</key>
		<dict>
			<key>fileEncoding</key>
			<string>4</string>
			<key>isa</key>
			<string>PBXFileReference</string>
			<key>lastKnownFileType</key>
			<string>sourcecode.c.h</string>
			<key>path</key>
			<string>MIHAESKey.h</string>
			<key>sourceTree</key>
			<string>&lt;group&gt;</string>
		</dict>
		<key>5F35BD9318F8523E00596974</key>
		<dict>
			<key>fileEncoding</key>
			<string>4</string>
			<key>isa</key>
			<string>PBXFileReference</string>
			<key>lastKnownFileType</key>
			<string>sourcecode.c.objc</string>
			<key>path</key>
			<string>MIHAESKey.m</string>
			<key>sourceTree</key>
			<string>&lt;group&gt;</string>
		</dict>
		<key>5F35BD9418F8523E00596974</key>
		<dict>
			<key>fileEncoding</key>
			<string>4</string>
			<key>isa</key>
			<string>PBXFileReference</string>
			<key>lastKnownFileType</key>
			<string>sourcecode.c.h</string>
			<key>path</key>
			<string>MIHAESKeyFactory.h</string>
			<key>sourceTree</key>
			<string>&lt;group&gt;</string>
		</dict>
		<key>5F35BD9518F8523E00596974</key>
		<dict>
			<key>fileEncoding</key>
			<string>4</string>
			<key>isa</key>
			<string>PBXFileReference</string>
			<key>lastKnownFileType</key>
			<string>sourcecode.c.objc</string>
			<key>path</key>
			<string>MIHAESKeyFactory.m</string>
			<key>sourceTree</key>
			<string>&lt;group&gt;</string>
		</dict>
		<key>5F35BD9618F8523E00596974</key>
		<dict>
			<key>children</key>
			<array>
				<string>5FF8106F18FFA4DE00408780</string>
				<string>5F35BD9718F8523E00596974</string>
				<string>5F35BD9818F8523E00596974</string>
				<string>5F35BD9918F8523E00596974</string>
				<string>5F35BD9A18F8523E00596974</string>
				<string>5F35BD9B18F8523E00596974</string>
				<string>5F35BD9C18F8523E00596974</string>
				<string>5F9201D4191B7802008FBBB2</string>
				<string>5F35BD9D18F8523E00596974</string>
				<string>5F35BD9E18F8523E00596974</string>
				<string>5F35BD9F18F8523E00596974</string>
			</array>
			<key>isa</key>
			<string>PBXGroup</string>
			<key>path</key>
			<string>Core</string>
			<key>sourceTree</key>
			<string>&lt;group&gt;</string>
		</dict>
		<key>5F35BD9718F8523E00596974</key>
		<dict>
			<key>fileEncoding</key>
			<string>4</string>
			<key>isa</key>
			<string>PBXFileReference</string>
			<key>lastKnownFileType</key>
			<string>sourcecode.c.h</string>
			<key>path</key>
			<string>MIHErrors.h</string>
			<key>sourceTree</key>
			<string>&lt;group&gt;</string>
		</dict>
		<key>5F35BD9818F8523E00596974</key>
		<dict>
			<key>fileEncoding</key>
			<string>4</string>
			<key>isa</key>
			<string>PBXFileReference</string>
			<key>lastKnownFileType</key>
			<string>sourcecode.c.objc</string>
			<key>path</key>
			<string>MIHErrors.m</string>
			<key>sourceTree</key>
			<string>&lt;group&gt;</string>
		</dict>
		<key>5F35BD9918F8523E00596974</key>
		<dict>
			<key>fileEncoding</key>
			<string>4</string>
			<key>isa</key>
			<string>PBXFileReference</string>
			<key>lastKnownFileType</key>
			<string>sourcecode.c.h</string>
			<key>path</key>
			<string>MIHHashAlgorithm.h</string>
			<key>sourceTree</key>
			<string>&lt;group&gt;</string>
		</dict>
		<key>5F35BD9A18F8523E00596974</key>
		<dict>
			<key>fileEncoding</key>
			<string>4</string>
			<key>isa</key>
			<string>PBXFileReference</string>
			<key>lastKnownFileType</key>
			<string>sourcecode.c.h</string>
			<key>path</key>
			<string>MIHKeyFactory.h</string>
			<key>sourceTree</key>
			<string>&lt;group&gt;</string>
		</dict>
		<key>5F35BD9B18F8523E00596974</key>
		<dict>
			<key>fileEncoding</key>
			<string>4</string>
			<key>isa</key>
			<string>PBXFileReference</string>
			<key>lastKnownFileType</key>
			<string>sourcecode.c.h</string>
			<key>path</key>
			<string>MIHKeyPair.h</string>
			<key>sourceTree</key>
			<string>&lt;group&gt;</string>
		</dict>
		<key>5F35BD9C18F8523E00596974</key>
		<dict>
			<key>fileEncoding</key>
			<string>4</string>
			<key>isa</key>
			<string>PBXFileReference</string>
			<key>lastKnownFileType</key>
			<string>sourcecode.c.objc</string>
			<key>path</key>
			<string>MIHKeyPair.m</string>
			<key>sourceTree</key>
			<string>&lt;group&gt;</string>
		</dict>
		<key>5F35BD9D18F8523E00596974</key>
		<dict>
			<key>fileEncoding</key>
			<string>4</string>
			<key>isa</key>
			<string>PBXFileReference</string>
			<key>lastKnownFileType</key>
			<string>sourcecode.c.h</string>
			<key>path</key>
			<string>MIHPrivateKey.h</string>
			<key>sourceTree</key>
			<string>&lt;group&gt;</string>
		</dict>
		<key>5F35BD9E18F8523E00596974</key>
		<dict>
			<key>fileEncoding</key>
			<string>4</string>
			<key>isa</key>
			<string>PBXFileReference</string>
			<key>lastKnownFileType</key>
			<string>sourcecode.c.h</string>
			<key>path</key>
			<string>MIHPublicKey.h</string>
			<key>sourceTree</key>
			<string>&lt;group&gt;</string>
		</dict>
		<key>5F35BD9F18F8523E00596974</key>
		<dict>
			<key>fileEncoding</key>
			<string>4</string>
			<key>isa</key>
			<string>PBXFileReference</string>
			<key>lastKnownFileType</key>
			<string>sourcecode.c.h</string>
			<key>path</key>
			<string>MIHSymmetricKey.h</string>
			<key>sourceTree</key>
			<string>&lt;group&gt;</string>
		</dict>
		<key>5F35BDA018F8523E00596974</key>
		<dict>
			<key>children</key>
			<array>
				<string>5F35BDA118F8523E00596974</string>
				<string>5F35BDA218F8523E00596974</string>
				<string>5F35BDA318F8523E00596974</string>
				<string>5F35BDA418F8523E00596974</string>
				<string>5F35BDA518F8523E00596974</string>
				<string>5F35BDA618F8523E00596974</string>
				<string>5F35BDA718F8523E00596974</string>
				<string>5F35BDA818F8523E00596974</string>
				<string>5F35BDA918F8523E00596974</string>
				<string>5F35BDAA18F8523E00596974</string>
			</array>
			<key>isa</key>
			<string>PBXGroup</string>
			<key>path</key>
			<string>RSA</string>
			<key>sourceTree</key>
			<string>&lt;group&gt;</string>
		</dict>
		<key>5F35BDA118F8523E00596974</key>
		<dict>
			<key>fileEncoding</key>
			<string>4</string>
			<key>isa</key>
			<string>PBXFileReference</string>
			<key>lastKnownFileType</key>
			<string>sourcecode.c.h</string>
			<key>path</key>
			<string>MIHRSAKeyFactory.h</string>
			<key>sourceTree</key>
			<string>&lt;group&gt;</string>
		</dict>
		<key>5F35BDA218F8523E00596974</key>
		<dict>
			<key>fileEncoding</key>
			<string>4</string>
			<key>isa</key>
			<string>PBXFileReference</string>
			<key>lastKnownFileType</key>
			<string>sourcecode.c.objc</string>
			<key>path</key>
			<string>MIHRSAKeyFactory.m</string>
			<key>sourceTree</key>
			<string>&lt;group&gt;</string>
		</dict>
		<key>5F35BDA318F8523E00596974</key>
		<dict>
			<key>fileEncoding</key>
			<string>4</string>
			<key>isa</key>
			<string>PBXFileReference</string>
			<key>lastKnownFileType</key>
			<string>sourcecode.c.h</string>
			<key>path</key>
			<string>MIHRSAPrivateKey+Internal.h</string>
			<key>sourceTree</key>
			<string>&lt;group&gt;</string>
		</dict>
		<key>5F35BDA418F8523E00596974</key>
		<dict>
			<key>fileEncoding</key>
			<string>4</string>
			<key>isa</key>
			<string>PBXFileReference</string>
			<key>lastKnownFileType</key>
			<string>sourcecode.c.objc</string>
			<key>path</key>
			<string>MIHRSAPrivateKey+Internal.m</string>
			<key>sourceTree</key>
			<string>&lt;group&gt;</string>
		</dict>
		<key>5F35BDA518F8523E00596974</key>
		<dict>
			<key>fileEncoding</key>
			<string>4</string>
			<key>isa</key>
			<string>PBXFileReference</string>
			<key>lastKnownFileType</key>
			<string>sourcecode.c.h</string>
			<key>path</key>
			<string>MIHRSAPrivateKey.h</string>
			<key>sourceTree</key>
			<string>&lt;group&gt;</string>
		</dict>
		<key>5F35BDA618F8523E00596974</key>
		<dict>
			<key>fileEncoding</key>
			<string>4</string>
			<key>isa</key>
			<string>PBXFileReference</string>
			<key>lastKnownFileType</key>
			<string>sourcecode.c.objc</string>
			<key>path</key>
			<string>MIHRSAPrivateKey.m</string>
			<key>sourceTree</key>
			<string>&lt;group&gt;</string>
		</dict>
		<key>5F35BDA718F8523E00596974</key>
		<dict>
			<key>fileEncoding</key>
			<string>4</string>
			<key>isa</key>
			<string>PBXFileReference</string>
			<key>lastKnownFileType</key>
			<string>sourcecode.c.h</string>
			<key>path</key>
			<string>MIHRSAPublicKey+Internal.h</string>
			<key>sourceTree</key>
			<string>&lt;group&gt;</string>
		</dict>
		<key>5F35BDA818F8523E00596974</key>
		<dict>
			<key>fileEncoding</key>
			<string>4</string>
			<key>isa</key>
			<string>PBXFileReference</string>
			<key>lastKnownFileType</key>
			<string>sourcecode.c.objc</string>
			<key>path</key>
			<string>MIHRSAPublicKey+Internal.m</string>
			<key>sourceTree</key>
			<string>&lt;group&gt;</string>
		</dict>
		<key>5F35BDA918F8523E00596974</key>
		<dict>
			<key>fileEncoding</key>
			<string>4</string>
			<key>isa</key>
			<string>PBXFileReference</string>
			<key>lastKnownFileType</key>
			<string>sourcecode.c.h</string>
			<key>path</key>
			<string>MIHRSAPublicKey.h</string>
			<key>sourceTree</key>
			<string>&lt;group&gt;</string>
		</dict>
		<key>5F35BDAA18F8523E00596974</key>
		<dict>
			<key>fileEncoding</key>
			<string>4</string>
			<key>isa</key>
			<string>PBXFileReference</string>
			<key>lastKnownFileType</key>
			<string>sourcecode.c.objc</string>
			<key>path</key>
			<string>MIHRSAPublicKey.m</string>
			<key>sourceTree</key>
			<string>&lt;group&gt;</string>
		</dict>
		<key>5F35BDAB18F8523E00596974</key>
		<dict>
			<key>children</key>
			<array>
				<string>5FDD19A118FD9A6000620929</string>
				<string>5FDD19A218FD9A6000620929</string>
				<string>5FDD19A818FD9E4F00620929</string>
				<string>5FDD19A918FD9E4F00620929</string>
				<string>5F35BDAC18F8523E00596974</string>
				<string>5F35BDAD18F8523E00596974</string>
				<string>5FDD199A18FD978400620929</string>
				<string>5FDD199B18FD978400620929</string>
			</array>
			<key>isa</key>
			<string>PBXGroup</string>
			<key>path</key>
			<string>SHA</string>
			<key>sourceTree</key>
			<string>&lt;group&gt;</string>
		</dict>
		<key>5F35BDAC18F8523E00596974</key>
		<dict>
			<key>fileEncoding</key>
			<string>4</string>
			<key>isa</key>
			<string>PBXFileReference</string>
			<key>lastKnownFileType</key>
			<string>sourcecode.c.h</string>
			<key>path</key>
			<string>MIHSecureHashAlgorithm256.h</string>
			<key>sourceTree</key>
			<string>&lt;group&gt;</string>
		</dict>
		<key>5F35BDAD18F8523E00596974</key>
		<dict>
			<key>fileEncoding</key>
			<string>4</string>
			<key>isa</key>
			<string>PBXFileReference</string>
			<key>lastKnownFileType</key>
			<string>sourcecode.c.objc</string>
			<key>path</key>
			<string>MIHSecureHashAlgorithm256.m</string>
			<key>sourceTree</key>
			<string>&lt;group&gt;</string>
		</dict>
		<key>5F35BDAE18F8523E00596974</key>
		<dict>
			<key>children</key>
			<array>
				<string>5F8C2C7919015303003DD9E6</string>
				<string>5F8C2C7A19015303003DD9E6</string>
				<string>5F35BDAF18F8523E00596974</string>
				<string>5F35BDB018F8523E00596974</string>
				<string>5F35BDB118F8523E00596974</string>
				<string>5F35BDB218F8523E00596974</string>
				<string>5F35BDB318F8523E00596974</string>
				<string>5F35BDB418F8523E00596974</string>
			</array>
			<key>isa</key>
			<string>PBXGroup</string>
			<key>path</key>
			<string>Utils</string>
			<key>sourceTree</key>
			<string>&lt;group&gt;</string>
		</dict>
		<key>5F35BDAF18F8523E00596974</key>
		<dict>
			<key>fileEncoding</key>
			<string>4</string>
			<key>isa</key>
			<string>PBXFileReference</string>
			<key>lastKnownFileType</key>
			<string>sourcecode.c.h</string>
			<key>path</key>
			<string>MIHInternal.h</string>
			<key>sourceTree</key>
			<string>&lt;group&gt;</string>
		</dict>
		<key>5F35BDB018F8523E00596974</key>
		<dict>
			<key>fileEncoding</key>
			<string>4</string>
			<key>isa</key>
			<string>PBXFileReference</string>
			<key>lastKnownFileType</key>
			<string>sourcecode.c.objc</string>
			<key>path</key>
			<string>MIHInternal.m</string>
			<key>sourceTree</key>
			<string>&lt;group&gt;</string>
		</dict>
		<key>5F35BDB118F8523E00596974</key>
		<dict>
			<key>fileEncoding</key>
			<string>4</string>
			<key>isa</key>
			<string>PBXFileReference</string>
			<key>lastKnownFileType</key>
			<string>sourcecode.c.h</string>
			<key>path</key>
			<string>NSData+MIHConversion.h</string>
			<key>sourceTree</key>
			<string>&lt;group&gt;</string>
		</dict>
		<key>5F35BDB218F8523E00596974</key>
		<dict>
			<key>fileEncoding</key>
			<string>4</string>
			<key>isa</key>
			<string>PBXFileReference</string>
			<key>lastKnownFileType</key>
			<string>sourcecode.c.objc</string>
			<key>path</key>
			<string>NSData+MIHConversion.m</string>
			<key>sourceTree</key>
			<string>&lt;group&gt;</string>
		</dict>
		<key>5F35BDB318F8523E00596974</key>
		<dict>
			<key>fileEncoding</key>
			<string>4</string>
			<key>isa</key>
			<string>PBXFileReference</string>
			<key>lastKnownFileType</key>
			<string>sourcecode.c.h</string>
			<key>path</key>
			<string>NSString+MIHConversion.h</string>
			<key>sourceTree</key>
			<string>&lt;group&gt;</string>
		</dict>
		<key>5F35BDB418F8523E00596974</key>
		<dict>
			<key>fileEncoding</key>
			<string>4</string>
			<key>isa</key>
			<string>PBXFileReference</string>
			<key>lastKnownFileType</key>
			<string>sourcecode.c.objc</string>
			<key>path</key>
			<string>NSString+MIHConversion.m</string>
			<key>sourceTree</key>
			<string>&lt;group&gt;</string>
		</dict>
		<key>5F5A756618FC2B9100773864</key>
		<dict>
			<key>fileRef</key>
			<string>5F35BD9318F8523E00596974</string>
			<key>isa</key>
			<string>PBXBuildFile</string>
		</dict>
		<key>5F5A756718FC2B9100773864</key>
		<dict>
			<key>fileRef</key>
			<string>5F35BD9518F8523E00596974</string>
			<key>isa</key>
			<string>PBXBuildFile</string>
		</dict>
		<key>5F5A756818FC2B9100773864</key>
		<dict>
			<key>fileRef</key>
			<string>5F35BD9818F8523E00596974</string>
			<key>isa</key>
			<string>PBXBuildFile</string>
		</dict>
		<key>5F5A756918FC2B9100773864</key>
		<dict>
			<key>fileRef</key>
			<string>5F35BD9C18F8523E00596974</string>
			<key>isa</key>
			<string>PBXBuildFile</string>
		</dict>
		<key>5F5A756A18FC2B9100773864</key>
		<dict>
			<key>fileRef</key>
			<string>5F35BDA218F8523E00596974</string>
			<key>isa</key>
			<string>PBXBuildFile</string>
		</dict>
		<key>5F5A756B18FC2B9100773864</key>
		<dict>
			<key>fileRef</key>
			<string>5F35BDA418F8523E00596974</string>
			<key>isa</key>
			<string>PBXBuildFile</string>
		</dict>
		<key>5F5A756C18FC2B9100773864</key>
		<dict>
			<key>fileRef</key>
			<string>5F35BDA618F8523E00596974</string>
			<key>isa</key>
			<string>PBXBuildFile</string>
		</dict>
		<key>5F5A756D18FC2B9100773864</key>
		<dict>
			<key>fileRef</key>
			<string>5F35BDA818F8523E00596974</string>
			<key>isa</key>
			<string>PBXBuildFile</string>
		</dict>
		<key>5F5A756E18FC2B9100773864</key>
		<dict>
			<key>fileRef</key>
			<string>5F35BDAA18F8523E00596974</string>
			<key>isa</key>
			<string>PBXBuildFile</string>
		</dict>
		<key>5F5A756F18FC2B9100773864</key>
		<dict>
			<key>fileRef</key>
			<string>5F35BDAD18F8523E00596974</string>
			<key>isa</key>
			<string>PBXBuildFile</string>
		</dict>
		<key>5F5A757018FC2B9100773864</key>
		<dict>
			<key>fileRef</key>
			<string>5F35BDB018F8523E00596974</string>
			<key>isa</key>
			<string>PBXBuildFile</string>
		</dict>
		<key>5F5A757118FC2B9100773864</key>
		<dict>
			<key>fileRef</key>
			<string>5F35BDB218F8523E00596974</string>
			<key>isa</key>
			<string>PBXBuildFile</string>
		</dict>
		<key>5F5A757218FC2B9100773864</key>
		<dict>
			<key>fileRef</key>
			<string>5F35BDB418F8523E00596974</string>
			<key>isa</key>
			<string>PBXBuildFile</string>
		</dict>
		<key>5F7005BE1900657A003789B7</key>
		<dict>
			<key>children</key>
			<array>
				<string>5F7005BF1900657A003789B7</string>
				<string>5F7005C01900657A003789B7</string>
				<string>5F7005C719006D25003789B7</string>
				<string>5F7005C819006D25003789B7</string>
				<string>5F7005C319006593003789B7</string>
				<string>5F7005C419006593003789B7</string>
			</array>
			<key>isa</key>
			<string>PBXGroup</string>
			<key>path</key>
			<string>DES</string>
			<key>sourceTree</key>
			<string>&lt;group&gt;</string>
		</dict>
		<key>5F7005BF1900657A003789B7</key>
		<dict>
			<key>fileEncoding</key>
			<string>4</string>
			<key>isa</key>
			<string>PBXFileReference</string>
			<key>lastKnownFileType</key>
			<string>sourcecode.c.h</string>
			<key>path</key>
			<string>MIHDESKey.h</string>
			<key>sourceTree</key>
			<string>&lt;group&gt;</string>
		</dict>
		<key>5F7005C01900657A003789B7</key>
		<dict>
			<key>fileEncoding</key>
			<string>4</string>
			<key>isa</key>
			<string>PBXFileReference</string>
			<key>lastKnownFileType</key>
			<string>sourcecode.c.objc</string>
			<key>path</key>
			<string>MIHDESKey.m</string>
			<key>sourceTree</key>
			<string>&lt;group&gt;</string>
		</dict>
		<key>5F7005C11900657A003789B7</key>
		<dict>
			<key>fileRef</key>
			<string>5F7005C01900657A003789B7</string>
			<key>isa</key>
			<string>PBXBuildFile</string>
		</dict>
		<key>5F7005C21900657A003789B7</key>
		<dict>
			<key>fileRef</key>
			<string>5F7005C01900657A003789B7</string>
			<key>isa</key>
			<string>PBXBuildFile</string>
		</dict>
		<key>5F7005C319006593003789B7</key>
		<dict>
			<key>fileEncoding</key>
			<string>4</string>
			<key>isa</key>
			<string>PBXFileReference</string>
			<key>lastKnownFileType</key>
			<string>sourcecode.c.h</string>
			<key>path</key>
			<string>MIHDESKeyFactory.h</string>
			<key>sourceTree</key>
			<string>&lt;group&gt;</string>
		</dict>
		<key>5F7005C419006593003789B7</key>
		<dict>
			<key>fileEncoding</key>
			<string>4</string>
			<key>isa</key>
			<string>PBXFileReference</string>
			<key>lastKnownFileType</key>
			<string>sourcecode.c.objc</string>
			<key>path</key>
			<string>MIHDESKeyFactory.m</string>
			<key>sourceTree</key>
			<string>&lt;group&gt;</string>
		</dict>
		<key>5F7005C519006593003789B7</key>
		<dict>
			<key>fileRef</key>
			<string>5F7005C419006593003789B7</string>
			<key>isa</key>
			<string>PBXBuildFile</string>
		</dict>
		<key>5F7005C619006593003789B7</key>
		<dict>
			<key>fileRef</key>
			<string>5F7005C419006593003789B7</string>
			<key>isa</key>
			<string>PBXBuildFile</string>
		</dict>
		<key>5F7005C719006D25003789B7</key>
		<dict>
			<key>fileEncoding</key>
			<string>4</string>
			<key>isa</key>
			<string>PBXFileReference</string>
			<key>lastKnownFileType</key>
			<string>sourcecode.c.h</string>
			<key>path</key>
			<string>MIHDESKey+Internal.h</string>
			<key>sourceTree</key>
			<string>&lt;group&gt;</string>
		</dict>
		<key>5F7005C819006D25003789B7</key>
		<dict>
			<key>fileEncoding</key>
			<string>4</string>
			<key>isa</key>
			<string>PBXFileReference</string>
			<key>lastKnownFileType</key>
			<string>sourcecode.c.objc</string>
			<key>path</key>
			<string>MIHDESKey+Internal.m</string>
			<key>sourceTree</key>
			<string>&lt;group&gt;</string>
		</dict>
		<key>5F7005C919006D25003789B7</key>
		<dict>
			<key>fileRef</key>
			<string>5F7005C819006D25003789B7</string>
			<key>isa</key>
			<string>PBXBuildFile</string>
		</dict>
		<key>5F7005CA19006D25003789B7</key>
		<dict>
			<key>fileRef</key>
			<string>5F7005C819006D25003789B7</string>
			<key>isa</key>
			<string>PBXBuildFile</string>
		</dict>
		<key>5F8C2C7519013F3C003DD9E6</key>
		<dict>
			<key>children</key>
			<array>
				<string>5F8C2C7719013F54003DD9E6</string>
				<string>5F8C2C7E19015EF0003DD9E6</string>
			</array>
			<key>isa</key>
			<string>PBXGroup</string>
			<key>path</key>
			<string>DES</string>
			<key>sourceTree</key>
			<string>&lt;group&gt;</string>
		</dict>
		<key>5F8C2C7719013F54003DD9E6</key>
		<dict>
			<key>fileEncoding</key>
			<string>4</string>
			<key>isa</key>
			<string>PBXFileReference</string>
			<key>lastKnownFileType</key>
			<string>sourcecode.c.objc</string>
			<key>path</key>
			<string>MIHDESKeyTests.m</string>
			<key>sourceTree</key>
			<string>&lt;group&gt;</string>
		</dict>
		<key>5F8C2C7819013F54003DD9E6</key>
		<dict>
			<key>fileRef</key>
			<string>5F8C2C7719013F54003DD9E6</string>
			<key>isa</key>
			<string>PBXBuildFile</string>
		</dict>
		<key>5F8C2C7919015303003DD9E6</key>
		<dict>
			<key>fileEncoding</key>
			<string>4</string>
			<key>isa</key>
			<string>PBXFileReference</string>
			<key>lastKnownFileType</key>
			<string>sourcecode.c.h</string>
			<key>path</key>
			<string>MIHCryptoConfiguration.h</string>
			<key>sourceTree</key>
			<string>&lt;group&gt;</string>
		</dict>
		<key>5F8C2C7A19015303003DD9E6</key>
		<dict>
			<key>fileEncoding</key>
			<string>4</string>
			<key>isa</key>
			<string>PBXFileReference</string>
			<key>lastKnownFileType</key>
			<string>sourcecode.c.objc</string>
			<key>path</key>
			<string>MIHCryptoConfiguration.m</string>
			<key>sourceTree</key>
			<string>&lt;group&gt;</string>
		</dict>
		<key>5F8C2C7B19015303003DD9E6</key>
		<dict>
			<key>fileRef</key>
			<string>5F8C2C7A19015303003DD9E6</string>
			<key>isa</key>
			<string>PBXBuildFile</string>
		</dict>
		<key>5F8C2C7C19015303003DD9E6</key>
		<dict>
			<key>fileRef</key>
			<string>5F8C2C7A19015303003DD9E6</string>
			<key>isa</key>
			<string>PBXBuildFile</string>
		</dict>
		<key>5F8C2C7E19015EF0003DD9E6</key>
		<dict>
			<key>fileEncoding</key>
			<string>4</string>
			<key>isa</key>
			<string>PBXFileReference</string>
			<key>lastKnownFileType</key>
			<string>sourcecode.c.objc</string>
			<key>path</key>
			<string>MIHDESKeyFactoryTests.m</string>
			<key>sourceTree</key>
			<string>&lt;group&gt;</string>
		</dict>
		<key>5F8C2C7F19015EF0003DD9E6</key>
		<dict>
			<key>fileRef</key>
			<string>5F8C2C7E19015EF0003DD9E6</string>
			<key>isa</key>
			<string>PBXBuildFile</string>
		</dict>
		<key>5F9201D4191B7802008FBBB2</key>
		<dict>
			<key>isa</key>
			<string>PBXFileReference</string>
			<key>lastKnownFileType</key>
			<string>sourcecode.c.h</string>
			<key>path</key>
			<string>MIHNumber.h</string>
			<key>sourceTree</key>
			<string>&lt;group&gt;</string>
		</dict>
		<key>5F9201D5191B7B1E008FBBB2</key>
		<dict>
			<key>children</key>
			<array>
				<string>5F9201D6191B7B30008FBBB2</string>
				<string>5F9201D7191B7B30008FBBB2</string>
				<string>5F20E404191BB20900D313FB</string>
				<string>5F20E405191BB20900D313FB</string>
				<string>5F34B2C21931F18400456B9F</string>
				<string>5F34B2C31931F18400456B9F</string>
				<string>30F44365BA5528C54A136E6B</string>
				<string>30F44643891A3BC409D257E0</string>
			</array>
			<key>isa</key>
			<string>PBXGroup</string>
			<key>name</key>
			<string>Mathematics</string>
			<key>sourceTree</key>
			<string>&lt;group&gt;</string>
		</dict>
		<key>5F9201D6191B7B30008FBBB2</key>
		<dict>
			<key>fileEncoding</key>
			<string>4</string>
			<key>isa</key>
			<string>PBXFileReference</string>
			<key>lastKnownFileType</key>
			<string>sourcecode.c.h</string>
			<key>name</key>
			<string>MIHBigInteger.h</string>
			<key>path</key>
			<string>Mathematics/MIHBigInteger.h</string>
			<key>sourceTree</key>
			<string>&lt;group&gt;</string>
		</dict>
		<key>5F9201D7191B7B30008FBBB2</key>
		<dict>
			<key>fileEncoding</key>
			<string>4</string>
			<key>isa</key>
			<string>PBXFileReference</string>
			<key>lastKnownFileType</key>
			<string>sourcecode.c.objc</string>
			<key>name</key>
			<string>MIHBigInteger.m</string>
			<key>path</key>
			<string>Mathematics/MIHBigInteger.m</string>
			<key>sourceTree</key>
			<string>&lt;group&gt;</string>
		</dict>
		<key>5F9201D8191B7B30008FBBB2</key>
		<dict>
			<key>fileRef</key>
			<string>5F9201D7191B7B30008FBBB2</string>
			<key>isa</key>
			<string>PBXBuildFile</string>
		</dict>
		<key>5FDD199A18FD978400620929</key>
		<dict>
			<key>fileEncoding</key>
			<string>4</string>
			<key>isa</key>
			<string>PBXFileReference</string>
			<key>lastKnownFileType</key>
			<string>sourcecode.c.h</string>
			<key>path</key>
			<string>MIHSecureHashAlgorithm.h</string>
			<key>sourceTree</key>
			<string>&lt;group&gt;</string>
		</dict>
		<key>5FDD199B18FD978400620929</key>
		<dict>
			<key>fileEncoding</key>
			<string>4</string>
			<key>isa</key>
			<string>PBXFileReference</string>
			<key>lastKnownFileType</key>
			<string>sourcecode.c.objc</string>
			<key>path</key>
			<string>MIHSecureHashAlgorithm.m</string>
			<key>sourceTree</key>
			<string>&lt;group&gt;</string>
		</dict>
		<key>5FDD199C18FD978400620929</key>
		<dict>
			<key>fileRef</key>
			<string>5FDD199B18FD978400620929</string>
			<key>isa</key>
			<string>PBXBuildFile</string>
		</dict>
		<key>5FDD199E18FD981A00620929</key>
		<dict>
			<key>fileEncoding</key>
			<string>4</string>
			<key>isa</key>
			<string>PBXFileReference</string>
			<key>lastKnownFileType</key>
			<string>sourcecode.c.objc</string>
			<key>path</key>
			<string>MIHSecureHashAlgorithmTests.m</string>
			<key>sourceTree</key>
			<string>&lt;group&gt;</string>
		</dict>
		<key>5FDD199F18FD981A00620929</key>
		<dict>
			<key>fileRef</key>
			<string>5FDD199E18FD981A00620929</string>
			<key>isa</key>
			<string>PBXBuildFile</string>
		</dict>
		<key>5FDD19A018FD98F100620929</key>
		<dict>
			<key>fileRef</key>
			<string>5FDD199B18FD978400620929</string>
			<key>isa</key>
			<string>PBXBuildFile</string>
		</dict>
		<key>5FDD19A118FD9A6000620929</key>
		<dict>
			<key>fileEncoding</key>
			<string>4</string>
			<key>isa</key>
			<string>PBXFileReference</string>
			<key>lastKnownFileType</key>
			<string>sourcecode.c.h</string>
			<key>path</key>
			<string>MIHSecureHashAlgorithm512.h</string>
			<key>sourceTree</key>
			<string>&lt;group&gt;</string>
		</dict>
		<key>5FDD19A218FD9A6000620929</key>
		<dict>
			<key>fileEncoding</key>
			<string>4</string>
			<key>isa</key>
			<string>PBXFileReference</string>
			<key>lastKnownFileType</key>
			<string>sourcecode.c.objc</string>
			<key>path</key>
			<string>MIHSecureHashAlgorithm512.m</string>
			<key>sourceTree</key>
			<string>&lt;group&gt;</string>
		</dict>
		<key>5FDD19A318FD9A6000620929</key>
		<dict>
			<key>fileRef</key>
			<string>5FDD19A218FD9A6000620929</string>
			<key>isa</key>
			<string>PBXBuildFile</string>
		</dict>
		<key>5FDD19A518FD9AFF00620929</key>
		<dict>
			<key>fileEncoding</key>
			<string>4</string>
			<key>isa</key>
			<string>PBXFileReference</string>
			<key>lastKnownFileType</key>
			<string>sourcecode.c.objc</string>
			<key>path</key>
			<string>MIHSecureHashAlgorithm512Tests.m</string>
			<key>sourceTree</key>
			<string>&lt;group&gt;</string>
		</dict>
		<key>5FDD19A618FD9AFF00620929</key>
		<dict>
			<key>fileRef</key>
			<string>5FDD19A518FD9AFF00620929</string>
			<key>isa</key>
			<string>PBXBuildFile</string>
		</dict>
		<key>5FDD19A718FD9BAF00620929</key>
		<dict>
			<key>fileRef</key>
			<string>5FDD19A218FD9A6000620929</string>
			<key>isa</key>
			<string>PBXBuildFile</string>
		</dict>
		<key>5FDD19A818FD9E4F00620929</key>
		<dict>
			<key>fileEncoding</key>
			<string>4</string>
			<key>isa</key>
			<string>PBXFileReference</string>
			<key>lastKnownFileType</key>
			<string>sourcecode.c.h</string>
			<key>path</key>
			<string>MIHSecureHashAlgorithm384.h</string>
			<key>sourceTree</key>
			<string>&lt;group&gt;</string>
		</dict>
		<key>5FDD19A918FD9E4F00620929</key>
		<dict>
			<key>fileEncoding</key>
			<string>4</string>
			<key>isa</key>
			<string>PBXFileReference</string>
			<key>lastKnownFileType</key>
			<string>sourcecode.c.objc</string>
			<key>path</key>
			<string>MIHSecureHashAlgorithm384.m</string>
			<key>sourceTree</key>
			<string>&lt;group&gt;</string>
		</dict>
		<key>5FDD19AA18FD9E4F00620929</key>
		<dict>
			<key>fileRef</key>
			<string>5FDD19A918FD9E4F00620929</string>
			<key>isa</key>
			<string>PBXBuildFile</string>
		</dict>
		<key>5FDD19AC18FD9F2D00620929</key>
		<dict>
			<key>fileEncoding</key>
			<string>4</string>
			<key>isa</key>
			<string>PBXFileReference</string>
			<key>lastKnownFileType</key>
			<string>sourcecode.c.objc</string>
			<key>path</key>
			<string>MIHSecureHashAlgorithm384.m</string>
			<key>sourceTree</key>
			<string>&lt;group&gt;</string>
		</dict>
		<key>5FDD19AD18FD9F2D00620929</key>
		<dict>
			<key>fileRef</key>
			<string>5FDD19AC18FD9F2D00620929</string>
			<key>isa</key>
			<string>PBXBuildFile</string>
		</dict>
		<key>5FDD19AE18FD9F3000620929</key>
		<dict>
			<key>fileRef</key>
			<string>5FDD19A918FD9E4F00620929</string>
			<key>isa</key>
			<string>PBXBuildFile</string>
		</dict>
		<key>5FDD19AF18FDA09000620929</key>
		<dict>
			<key>children</key>
			<array>
				<string>5FDD19B018FDA0D800620929</string>
				<string>5FDD19B118FDA0D800620929</string>
			</array>
			<key>isa</key>
			<string>PBXGroup</string>
			<key>name</key>
			<string>MD5</string>
			<key>sourceTree</key>
			<string>&lt;group&gt;</string>
		</dict>
		<key>5FDD19B018FDA0D800620929</key>
		<dict>
			<key>fileEncoding</key>
			<string>4</string>
			<key>isa</key>
			<string>PBXFileReference</string>
			<key>lastKnownFileType</key>
			<string>sourcecode.c.h</string>
			<key>name</key>
			<string>MIHMessageDigest5.h</string>
			<key>path</key>
			<string>MD5/MIHMessageDigest5.h</string>
			<key>sourceTree</key>
			<string>&lt;group&gt;</string>
		</dict>
		<key>5FDD19B118FDA0D800620929</key>
		<dict>
			<key>fileEncoding</key>
			<string>4</string>
			<key>isa</key>
			<string>PBXFileReference</string>
			<key>lastKnownFileType</key>
			<string>sourcecode.c.objc</string>
			<key>name</key>
			<string>MIHMessageDigest5.m</string>
			<key>path</key>
			<string>MD5/MIHMessageDigest5.m</string>
			<key>sourceTree</key>
			<string>&lt;group&gt;</string>
		</dict>
		<key>5FDD19B218FDA0D800620929</key>
		<dict>
			<key>fileRef</key>
			<string>5FDD19B118FDA0D800620929</string>
			<key>isa</key>
			<string>PBXBuildFile</string>
		</dict>
		<key>5FDD19B318FDA0D800620929</key>
		<dict>
			<key>fileRef</key>
			<string>5FDD19B118FDA0D800620929</string>
			<key>isa</key>
			<string>PBXBuildFile</string>
		</dict>
		<key>5FDD19B418FDA17C00620929</key>
		<dict>
			<key>children</key>
			<array>
				<string>5FDD19B618FDA19900620929</string>
			</array>
			<key>isa</key>
			<string>PBXGroup</string>
			<key>name</key>
			<string>MD5</string>
			<key>sourceTree</key>
			<string>&lt;group&gt;</string>
		</dict>
		<key>5FDD19B618FDA19900620929</key>
		<dict>
			<key>fileEncoding</key>
			<string>4</string>
			<key>isa</key>
			<string>PBXFileReference</string>
			<key>lastKnownFileType</key>
			<string>sourcecode.c.objc</string>
			<key>name</key>
			<string>MIHMessageDigest5Tests.m</string>
			<key>path</key>
			<string>MD5/MIHMessageDigest5Tests.m</string>
			<key>sourceTree</key>
			<string>&lt;group&gt;</string>
		</dict>
		<key>5FDD19B718FDA19A00620929</key>
		<dict>
			<key>fileRef</key>
			<string>5FDD19B618FDA19900620929</string>
			<key>isa</key>
			<string>PBXBuildFile</string>
		</dict>
		<key>5FF8106F18FFA4DE00408780</key>
		<dict>
			<key>isa</key>
			<string>PBXFileReference</string>
			<key>lastKnownFileType</key>
			<string>sourcecode.c.h</string>
			<key>path</key>
			<string>MIHCoding.h</string>
			<key>sourceTree</key>
			<string>&lt;group&gt;</string>
		</dict>
		<key>7BA6BA6D9D86494BA5656BA7</key>
		<dict>
			<key>buildActionMask</key>
			<string>2147483647</string>
			<key>files</key>
			<array/>
			<key>inputPaths</key>
			<array/>
			<key>isa</key>
			<string>PBXShellScriptBuildPhase</string>
			<key>name</key>
			<string>Check Pods Manifest.lock</string>
			<key>outputPaths</key>
			<array/>
			<key>runOnlyForDeploymentPostprocessing</key>
			<string>0</string>
			<key>shellPath</key>
			<string>/bin/sh</string>
			<key>shellScript</key>
			<string>diff "${PODS_ROOT}/../Podfile.lock" "${PODS_ROOT}/Manifest.lock" &gt; /dev/null
if [[ $? != 0 ]] ; then
    cat &lt;&lt; EOM
error: The sandbox is not in sync with the Podfile.lock. Run 'pod install' or update your CocoaPods installation.
EOM
    exit 1
fi
</string>
			<key>showEnvVarsInLog</key>
			<string>0</string>
		</dict>
		<key>AA033869E6C8443B9AA91F5A</key>
		<dict>
			<key>buildActionMask</key>
			<string>2147483647</string>
			<key>files</key>
			<array/>
			<key>inputPaths</key>
			<array/>
			<key>isa</key>
			<string>PBXShellScriptBuildPhase</string>
			<key>name</key>
			<string>Check Pods Manifest.lock</string>
			<key>outputPaths</key>
			<array/>
			<key>runOnlyForDeploymentPostprocessing</key>
			<string>0</string>
			<key>shellPath</key>
			<string>/bin/sh</string>
			<key>shellScript</key>
			<string>diff "${PODS_ROOT}/../Podfile.lock" "${PODS_ROOT}/Manifest.lock" &gt; /dev/null
if [[ $? != 0 ]] ; then
    cat &lt;&lt; EOM
error: The sandbox is not in sync with the Podfile.lock. Run 'pod install' or update your CocoaPods installation.
EOM
    exit 1
fi
</string>
			<key>showEnvVarsInLog</key>
			<string>0</string>
		</dict>
		<key>C415DB6DBD93456CB4F6D1C6</key>
		<dict>
			<key>buildActionMask</key>
			<string>2147483647</string>
			<key>files</key>
			<array/>
			<key>inputPaths</key>
			<array/>
			<key>isa</key>
			<string>PBXShellScriptBuildPhase</string>
			<key>name</key>
			<string>Copy Pods Resources</string>
			<key>outputPaths</key>
			<array/>
			<key>runOnlyForDeploymentPostprocessing</key>
			<string>0</string>
			<key>shellPath</key>
			<string>/bin/sh</string>
			<key>shellScript</key>
			<string>"${SRCROOT}/Pods/Target Support Files/Pods/Pods-resources.sh"
</string>
			<key>showEnvVarsInLog</key>
			<string>0</string>
		</dict>
		<key>C46F28014D6D496E98C9068F</key>
		<dict>
			<key>fileRef</key>
			<string>0675F91913CB4A25B61DA7CC</string>
			<key>isa</key>
			<string>PBXBuildFile</string>
		</dict>
		<key>E1C1AAF97812F44EE1DF89ED</key>
		<dict>
			<key>includeInIndex</key>
			<string>1</string>
			<key>isa</key>
			<string>PBXFileReference</string>
			<key>lastKnownFileType</key>
			<string>text.xcconfig</string>
			<key>name</key>
			<string>Pods.debug.xcconfig</string>
			<key>path</key>
			<string>Pods/Target Support Files/Pods/Pods.debug.xcconfig</string>
			<key>sourceTree</key>
			<string>&lt;group&gt;</string>
		</dict>
		<key>EC94A02F43C7A81ACC82EF40</key>
		<dict>
			<key>children</key>
			<array>
				<string>E1C1AAF97812F44EE1DF89ED</string>
				<string>4024929363B7338D94B18BA0</string>
			</array>
			<key>isa</key>
			<string>PBXGroup</string>
			<key>name</key>
			<string>Pods</string>
			<key>sourceTree</key>
			<string>&lt;group&gt;</string>
		</dict>
	</dict>
	<key>rootObject</key>
	<string>5F35BD2B18F850E400596974</string>
</dict>
</plist>
